
Microsoft Visual Studio Solution File, Format Version 12.00
# Visual Studio 15
VisualStudioVersion = 15.0.26430.12
MinimumVisualStudioVersion = 10.0.40219.1
Project("{FAE04EC0-301F-11D3-BF4B-00C04F79EFBC}") = "MDP.Android", "..\..\..\..\Downloads\exemplo_mdp (1)\MDP\MDP\MDP.Android\MDP.Android.csproj", "{86BFF1D3-2B3D-4424-9C21-ECFDDA2BD551}"
EndProject
Project("{FAE04EC0-301F-11D3-BF4B-00C04F79EFBC}") = "MDP", "..\..\..\..\Downloads\exemplo_mdp (1)\MDP\MDP\MDP\MDP.csproj", "{1ED494E7-04F9-480E-8303-DE148022314C}"
EndProject
Project("{FAE04EC0-301F-11D3-BF4B-00C04F79EFBC}") = "MDP.UWP", "..\..\..\..\Downloads\exemplo_mdp (1)\MDP\MDP\MDP.UWP\MDP.UWP.csproj", "{216699E0-13C5-4902-ACD9-5B4F4BA2B6CF}"
EndProject
Project("{FAE04EC0-301F-11D3-BF4B-00C04F79EFBC}") = "MDP.iOS", "..\..\..\..\Downloads\exemplo_mdp (1)\MDP\MDP\MDP.iOS\MDP.iOS.csproj", "{9613B542-E4F3-4D92-B742-B6567A61B87E}"
EndProject
Global
	GlobalSection(SolutionConfigurationPlatforms) = preSolution
		Ad-Hoc|Any CPU = Ad-Hoc|Any CPU
		Ad-Hoc|ARM = Ad-Hoc|ARM
		Ad-Hoc|iPhone = Ad-Hoc|iPhone
		Ad-Hoc|iPhoneSimulator = Ad-Hoc|iPhoneSimulator
		Ad-Hoc|x64 = Ad-Hoc|x64
		Ad-Hoc|x86 = Ad-Hoc|x86
		AppStore|Any CPU = AppStore|Any CPU
		AppStore|ARM = AppStore|ARM
		AppStore|iPhone = AppStore|iPhone
		AppStore|iPhoneSimulator = AppStore|iPhoneSimulator
		AppStore|x64 = AppStore|x64
		AppStore|x86 = AppStore|x86
		Debug|Any CPU = Debug|Any CPU
		Debug|ARM = Debug|ARM
		Debug|iPhone = Debug|iPhone
		Debug|iPhoneSimulator = Debug|iPhoneSimulator
		Debug|x64 = Debug|x64
		Debug|x86 = Debug|x86
		Release|Any CPU = Release|Any CPU
		Release|ARM = Release|ARM
		Release|iPhone = Release|iPhone
		Release|iPhoneSimulator = Release|iPhoneSimulator
		Release|x64 = Release|x64
		Release|x86 = Release|x86
	EndGlobalSection
	GlobalSection(ProjectConfigurationPlatforms) = postSolution
		{86BFF1D3-2B3D-4424-9C21-ECFDDA2BD551}.Ad-Hoc|Any CPU.ActiveCfg = Release|Any CPU
		{86BFF1D3-2B3D-4424-9C21-ECFDDA2BD551}.Ad-Hoc|Any CPU.Build.0 = Release|Any CPU
		{86BFF1D3-2B3D-4424-9C21-ECFDDA2BD551}.Ad-Hoc|Any CPU.Deploy.0 = Release|Any CPU
		{86BFF1D3-2B3D-4424-9C21-ECFDDA2BD551}.Ad-Hoc|ARM.ActiveCfg = Release|Any CPU
		{86BFF1D3-2B3D-4424-9C21-ECFDDA2BD551}.Ad-Hoc|ARM.Build.0 = Release|Any CPU
		{86BFF1D3-2B3D-4424-9C21-ECFDDA2BD551}.Ad-Hoc|ARM.Deploy.0 = Release|Any CPU
		{86BFF1D3-2B3D-4424-9C21-ECFDDA2BD551}.Ad-Hoc|iPhone.ActiveCfg = Release|Any CPU
		{86BFF1D3-2B3D-4424-9C21-ECFDDA2BD551}.Ad-Hoc|iPhone.Build.0 = Release|Any CPU
		{86BFF1D3-2B3D-4424-9C21-ECFDDA2BD551}.Ad-Hoc|iPhone.Deploy.0 = Release|Any CPU
		{86BFF1D3-2B3D-4424-9C21-ECFDDA2BD551}.Ad-Hoc|iPhoneSimulator.ActiveCfg = Release|Any CPU
		{86BFF1D3-2B3D-4424-9C21-ECFDDA2BD551}.Ad-Hoc|iPhoneSimulator.Build.0 = Release|Any CPU
		{86BFF1D3-2B3D-4424-9C21-ECFDDA2BD551}.Ad-Hoc|iPhoneSimulator.Deploy.0 = Release|Any CPU
		{86BFF1D3-2B3D-4424-9C21-ECFDDA2BD551}.Ad-Hoc|x64.ActiveCfg = Release|Any CPU
		{86BFF1D3-2B3D-4424-9C21-ECFDDA2BD551}.Ad-Hoc|x64.Build.0 = Release|Any CPU
		{86BFF1D3-2B3D-4424-9C21-ECFDDA2BD551}.Ad-Hoc|x64.Deploy.0 = Release|Any CPU
		{86BFF1D3-2B3D-4424-9C21-ECFDDA2BD551}.Ad-Hoc|x86.ActiveCfg = Release|Any CPU
		{86BFF1D3-2B3D-4424-9C21-ECFDDA2BD551}.Ad-Hoc|x86.Build.0 = Release|Any CPU
		{86BFF1D3-2B3D-4424-9C21-ECFDDA2BD551}.Ad-Hoc|x86.Deploy.0 = Release|Any CPU
		{86BFF1D3-2B3D-4424-9C21-ECFDDA2BD551}.AppStore|Any CPU.ActiveCfg = Release|Any CPU
		{86BFF1D3-2B3D-4424-9C21-ECFDDA2BD551}.AppStore|Any CPU.Build.0 = Release|Any CPU
		{86BFF1D3-2B3D-4424-9C21-ECFDDA2BD551}.AppStore|Any CPU.Deploy.0 = Release|Any CPU
		{86BFF1D3-2B3D-4424-9C21-ECFDDA2BD551}.AppStore|ARM.ActiveCfg = Release|Any CPU
		{86BFF1D3-2B3D-4424-9C21-ECFDDA2BD551}.AppStore|ARM.Build.0 = Release|Any CPU
		{86BFF1D3-2B3D-4424-9C21-ECFDDA2BD551}.AppStore|ARM.Deploy.0 = Release|Any CPU
		{86BFF1D3-2B3D-4424-9C21-ECFDDA2BD551}.AppStore|iPhone.ActiveCfg = Release|Any CPU
		{86BFF1D3-2B3D-4424-9C21-ECFDDA2BD551}.AppStore|iPhone.Build.0 = Release|Any CPU
		{86BFF1D3-2B3D-4424-9C21-ECFDDA2BD551}.AppStore|iPhone.Deploy.0 = Release|Any CPU
		{86BFF1D3-2B3D-4424-9C21-ECFDDA2BD551}.AppStore|iPhoneSimulator.ActiveCfg = Release|Any CPU
		{86BFF1D3-2B3D-4424-9C21-ECFDDA2BD551}.AppStore|iPhoneSimulator.Build.0 = Release|Any CPU
		{86BFF1D3-2B3D-4424-9C21-ECFDDA2BD551}.AppStore|iPhoneSimulator.Deploy.0 = Release|Any CPU
		{86BFF1D3-2B3D-4424-9C21-ECFDDA2BD551}.AppStore|x64.ActiveCfg = Release|Any CPU
		{86BFF1D3-2B3D-4424-9C21-ECFDDA2BD551}.AppStore|x64.Build.0 = Release|Any CPU
		{86BFF1D3-2B3D-4424-9C21-ECFDDA2BD551}.AppStore|x64.Deploy.0 = Release|Any CPU
		{86BFF1D3-2B3D-4424-9C21-ECFDDA2BD551}.AppStore|x86.ActiveCfg = Release|Any CPU
		{86BFF1D3-2B3D-4424-9C21-ECFDDA2BD551}.AppStore|x86.Build.0 = Release|Any CPU
		{86BFF1D3-2B3D-4424-9C21-ECFDDA2BD551}.AppStore|x86.Deploy.0 = Release|Any CPU
		{86BFF1D3-2B3D-4424-9C21-ECFDDA2BD551}.Debug|Any CPU.ActiveCfg = Debug|Any CPU
		{86BFF1D3-2B3D-4424-9C21-ECFDDA2BD551}.Debug|Any CPU.Build.0 = Debug|Any CPU
		{86BFF1D3-2B3D-4424-9C21-ECFDDA2BD551}.Debug|Any CPU.Deploy.0 = Debug|Any CPU
		{86BFF1D3-2B3D-4424-9C21-ECFDDA2BD551}.Debug|ARM.ActiveCfg = Debug|Any CPU
		{86BFF1D3-2B3D-4424-9C21-ECFDDA2BD551}.Debug|ARM.Build.0 = Debug|Any CPU
		{86BFF1D3-2B3D-4424-9C21-ECFDDA2BD551}.Debug|ARM.Deploy.0 = Debug|Any CPU
		{86BFF1D3-2B3D-4424-9C21-ECFDDA2BD551}.Debug|iPhone.ActiveCfg = Debug|Any CPU
		{86BFF1D3-2B3D-4424-9C21-ECFDDA2BD551}.Debug|iPhone.Build.0 = Debug|Any CPU
		{86BFF1D3-2B3D-4424-9C21-ECFDDA2BD551}.Debug|iPhone.Deploy.0 = Debug|Any CPU
		{86BFF1D3-2B3D-4424-9C21-ECFDDA2BD551}.Debug|iPhoneSimulator.ActiveCfg = Debug|Any CPU
		{86BFF1D3-2B3D-4424-9C21-ECFDDA2BD551}.Debug|iPhoneSimulator.Build.0 = Debug|Any CPU
		{86BFF1D3-2B3D-4424-9C21-ECFDDA2BD551}.Debug|iPhoneSimulator.Deploy.0 = Debug|Any CPU
		{86BFF1D3-2B3D-4424-9C21-ECFDDA2BD551}.Debug|x64.ActiveCfg = Debug|Any CPU
		{86BFF1D3-2B3D-4424-9C21-ECFDDA2BD551}.Debug|x64.Build.0 = Debug|Any CPU
		{86BFF1D3-2B3D-4424-9C21-ECFDDA2BD551}.Debug|x64.Deploy.0 = Debug|Any CPU
		{86BFF1D3-2B3D-4424-9C21-ECFDDA2BD551}.Debug|x86.ActiveCfg = Debug|Any CPU
		{86BFF1D3-2B3D-4424-9C21-ECFDDA2BD551}.Debug|x86.Build.0 = Debug|Any CPU
		{86BFF1D3-2B3D-4424-9C21-ECFDDA2BD551}.Debug|x86.Deploy.0 = Debug|Any CPU
		{86BFF1D3-2B3D-4424-9C21-ECFDDA2BD551}.Release|Any CPU.ActiveCfg = Release|Any CPU
		{86BFF1D3-2B3D-4424-9C21-ECFDDA2BD551}.Release|Any CPU.Build.0 = Release|Any CPU
		{86BFF1D3-2B3D-4424-9C21-ECFDDA2BD551}.Release|Any CPU.Deploy.0 = Release|Any CPU
		{86BFF1D3-2B3D-4424-9C21-ECFDDA2BD551}.Release|ARM.ActiveCfg = Release|Any CPU
		{86BFF1D3-2B3D-4424-9C21-ECFDDA2BD551}.Release|ARM.Build.0 = Release|Any CPU
		{86BFF1D3-2B3D-4424-9C21-ECFDDA2BD551}.Release|ARM.Deploy.0 = Release|Any CPU
		{86BFF1D3-2B3D-4424-9C21-ECFDDA2BD551}.Release|iPhone.ActiveCfg = Release|Any CPU
		{86BFF1D3-2B3D-4424-9C21-ECFDDA2BD551}.Release|iPhone.Build.0 = Release|Any CPU
		{86BFF1D3-2B3D-4424-9C21-ECFDDA2BD551}.Release|iPhone.Deploy.0 = Release|Any CPU
		{86BFF1D3-2B3D-4424-9C21-ECFDDA2BD551}.Release|iPhoneSimulator.ActiveCfg = Release|Any CPU
		{86BFF1D3-2B3D-4424-9C21-ECFDDA2BD551}.Release|iPhoneSimulator.Build.0 = Release|Any CPU
		{86BFF1D3-2B3D-4424-9C21-ECFDDA2BD551}.Release|iPhoneSimulator.Deploy.0 = Release|Any CPU
		{86BFF1D3-2B3D-4424-9C21-ECFDDA2BD551}.Release|x64.ActiveCfg = Release|Any CPU
		{86BFF1D3-2B3D-4424-9C21-ECFDDA2BD551}.Release|x64.Build.0 = Release|Any CPU
		{86BFF1D3-2B3D-4424-9C21-ECFDDA2BD551}.Release|x64.Deploy.0 = Release|Any CPU
		{86BFF1D3-2B3D-4424-9C21-ECFDDA2BD551}.Release|x86.ActiveCfg = Release|Any CPU
		{86BFF1D3-2B3D-4424-9C21-ECFDDA2BD551}.Release|x86.Build.0 = Release|Any CPU
		{86BFF1D3-2B3D-4424-9C21-ECFDDA2BD551}.Release|x86.Deploy.0 = Release|Any CPU
		{1ED494E7-04F9-480E-8303-DE148022314C}.Ad-Hoc|Any CPU.ActiveCfg = Release|Any CPU
		{1ED494E7-04F9-480E-8303-DE148022314C}.Ad-Hoc|Any CPU.Build.0 = Release|Any CPU
		{1ED494E7-04F9-480E-8303-DE148022314C}.Ad-Hoc|ARM.ActiveCfg = Release|Any CPU
		{1ED494E7-04F9-480E-8303-DE148022314C}.Ad-Hoc|ARM.Build.0 = Release|Any CPU
		{1ED494E7-04F9-480E-8303-DE148022314C}.Ad-Hoc|iPhone.ActiveCfg = Release|Any CPU
		{1ED494E7-04F9-480E-8303-DE148022314C}.Ad-Hoc|iPhone.Build.0 = Release|Any CPU
		{1ED494E7-04F9-480E-8303-DE148022314C}.Ad-Hoc|iPhoneSimulator.ActiveCfg = Release|Any CPU
		{1ED494E7-04F9-480E-8303-DE148022314C}.Ad-Hoc|iPhoneSimulator.Build.0 = Release|Any CPU
		{1ED494E7-04F9-480E-8303-DE148022314C}.Ad-Hoc|x64.ActiveCfg = Release|Any CPU
		{1ED494E7-04F9-480E-8303-DE148022314C}.Ad-Hoc|x64.Build.0 = Release|Any CPU
		{1ED494E7-04F9-480E-8303-DE148022314C}.Ad-Hoc|x86.ActiveCfg = Release|Any CPU
		{1ED494E7-04F9-480E-8303-DE148022314C}.Ad-Hoc|x86.Build.0 = Release|Any CPU
		{1ED494E7-04F9-480E-8303-DE148022314C}.AppStore|Any CPU.ActiveCfg = Release|Any CPU
		{1ED494E7-04F9-480E-8303-DE148022314C}.AppStore|Any CPU.Build.0 = Release|Any CPU
		{1ED494E7-04F9-480E-8303-DE148022314C}.AppStore|ARM.ActiveCfg = Release|Any CPU
		{1ED494E7-04F9-480E-8303-DE148022314C}.AppStore|ARM.Build.0 = Release|Any CPU
		{1ED494E7-04F9-480E-8303-DE148022314C}.AppStore|iPhone.ActiveCfg = Release|Any CPU
		{1ED494E7-04F9-480E-8303-DE148022314C}.AppStore|iPhone.Build.0 = Release|Any CPU
		{1ED494E7-04F9-480E-8303-DE148022314C}.AppStore|iPhoneSimulator.ActiveCfg = Release|Any CPU
		{1ED494E7-04F9-480E-8303-DE148022314C}.AppStore|iPhoneSimulator.Build.0 = Release|Any CPU
		{1ED494E7-04F9-480E-8303-DE148022314C}.AppStore|x64.ActiveCfg = Release|Any CPU
		{1ED494E7-04F9-480E-8303-DE148022314C}.AppStore|x64.Build.0 = Release|Any CPU
		{1ED494E7-04F9-480E-8303-DE148022314C}.AppStore|x86.ActiveCfg = Release|Any CPU
		{1ED494E7-04F9-480E-8303-DE148022314C}.AppStore|x86.Build.0 = Release|Any CPU
		{1ED494E7-04F9-480E-8303-DE148022314C}.Debug|Any CPU.ActiveCfg = Debug|Any CPU
		{1ED494E7-04F9-480E-8303-DE148022314C}.Debug|Any CPU.Build.0 = Debug|Any CPU
		{1ED494E7-04F9-480E-8303-DE148022314C}.Debug|ARM.ActiveCfg = Debug|Any CPU
		{1ED494E7-04F9-480E-8303-DE148022314C}.Debug|ARM.Build.0 = Debug|Any CPU
		{1ED494E7-04F9-480E-8303-DE148022314C}.Debug|iPhone.ActiveCfg = Debug|Any CPU
		{1ED494E7-04F9-480E-8303-DE148022314C}.Debug|iPhone.Build.0 = Debug|Any CPU
		{1ED494E7-04F9-480E-8303-DE148022314C}.Debug|iPhoneSimulator.ActiveCfg = Debug|Any CPU
		{1ED494E7-04F9-480E-8303-DE148022314C}.Debug|iPhoneSimulator.Build.0 = Debug|Any CPU
		{1ED494E7-04F9-480E-8303-DE148022314C}.Debug|x64.ActiveCfg = Debug|Any CPU
		{1ED494E7-04F9-480E-8303-DE148022314C}.Debug|x64.Build.0 = Debug|Any CPU
		{1ED494E7-04F9-480E-8303-DE148022314C}.Debug|x86.ActiveCfg = Debug|Any CPU
		{1ED494E7-04F9-480E-8303-DE148022314C}.Debug|x86.Build.0 = Debug|Any CPU
		{1ED494E7-04F9-480E-8303-DE148022314C}.Release|Any CPU.ActiveCfg = Release|Any CPU
		{1ED494E7-04F9-480E-8303-DE148022314C}.Release|Any CPU.Build.0 = Release|Any CPU
		{1ED494E7-04F9-480E-8303-DE148022314C}.Release|ARM.ActiveCfg = Release|Any CPU
		{1ED494E7-04F9-480E-8303-DE148022314C}.Release|ARM.Build.0 = Release|Any CPU
		{1ED494E7-04F9-480E-8303-DE148022314C}.Release|iPhone.ActiveCfg = Release|Any CPU
		{1ED494E7-04F9-480E-8303-DE148022314C}.Release|iPhone.Build.0 = Release|Any CPU
		{1ED494E7-04F9-480E-8303-DE148022314C}.Release|iPhoneSimulator.ActiveCfg = Release|Any CPU
		{1ED494E7-04F9-480E-8303-DE148022314C}.Release|iPhoneSimulator.Build.0 = Release|Any CPU
		{1ED494E7-04F9-480E-8303-DE148022314C}.Release|x64.ActiveCfg = Release|Any CPU
		{1ED494E7-04F9-480E-8303-DE148022314C}.Release|x64.Build.0 = Release|Any CPU
		{1ED494E7-04F9-480E-8303-DE148022314C}.Release|x86.ActiveCfg = Release|Any CPU
		{1ED494E7-04F9-480E-8303-DE148022314C}.Release|x86.Build.0 = Release|Any CPU
		{216699E0-13C5-4902-ACD9-5B4F4BA2B6CF}.Ad-Hoc|Any CPU.ActiveCfg = Release|x86
		{216699E0-13C5-4902-ACD9-5B4F4BA2B6CF}.Ad-Hoc|Any CPU.Build.0 = Release|x86
		{216699E0-13C5-4902-ACD9-5B4F4BA2B6CF}.Ad-Hoc|Any CPU.Deploy.0 = Release|x86
		{216699E0-13C5-4902-ACD9-5B4F4BA2B6CF}.Ad-Hoc|ARM.ActiveCfg = Release|ARM
		{216699E0-13C5-4902-ACD9-5B4F4BA2B6CF}.Ad-Hoc|ARM.Build.0 = Release|ARM
		{216699E0-13C5-4902-ACD9-5B4F4BA2B6CF}.Ad-Hoc|ARM.Deploy.0 = Release|ARM
		{216699E0-13C5-4902-ACD9-5B4F4BA2B6CF}.Ad-Hoc|iPhone.ActiveCfg = Release|x86
		{216699E0-13C5-4902-ACD9-5B4F4BA2B6CF}.Ad-Hoc|iPhone.Build.0 = Release|x86
		{216699E0-13C5-4902-ACD9-5B4F4BA2B6CF}.Ad-Hoc|iPhone.Deploy.0 = Release|x86
		{216699E0-13C5-4902-ACD9-5B4F4BA2B6CF}.Ad-Hoc|iPhoneSimulator.ActiveCfg = Release|x86
		{216699E0-13C5-4902-ACD9-5B4F4BA2B6CF}.Ad-Hoc|iPhoneSimulator.Build.0 = Release|x86
		{216699E0-13C5-4902-ACD9-5B4F4BA2B6CF}.Ad-Hoc|iPhoneSimulator.Deploy.0 = Release|x86
		{216699E0-13C5-4902-ACD9-5B4F4BA2B6CF}.Ad-Hoc|x64.ActiveCfg = Release|x64
		{216699E0-13C5-4902-ACD9-5B4F4BA2B6CF}.Ad-Hoc|x64.Build.0 = Release|x64
		{216699E0-13C5-4902-ACD9-5B4F4BA2B6CF}.Ad-Hoc|x64.Deploy.0 = Release|x64
		{216699E0-13C5-4902-ACD9-5B4F4BA2B6CF}.Ad-Hoc|x86.ActiveCfg = Release|x86
		{216699E0-13C5-4902-ACD9-5B4F4BA2B6CF}.Ad-Hoc|x86.Build.0 = Release|x86
		{216699E0-13C5-4902-ACD9-5B4F4BA2B6CF}.Ad-Hoc|x86.Deploy.0 = Release|x86
		{216699E0-13C5-4902-ACD9-5B4F4BA2B6CF}.AppStore|Any CPU.ActiveCfg = Release|x86
		{216699E0-13C5-4902-ACD9-5B4F4BA2B6CF}.AppStore|Any CPU.Build.0 = Release|x86
		{216699E0-13C5-4902-ACD9-5B4F4BA2B6CF}.AppStore|Any CPU.Deploy.0 = Release|x86
		{216699E0-13C5-4902-ACD9-5B4F4BA2B6CF}.AppStore|ARM.ActiveCfg = Release|ARM
		{216699E0-13C5-4902-ACD9-5B4F4BA2B6CF}.AppStore|ARM.Build.0 = Release|ARM
		{216699E0-13C5-4902-ACD9-5B4F4BA2B6CF}.AppStore|ARM.Deploy.0 = Release|ARM
		{216699E0-13C5-4902-ACD9-5B4F4BA2B6CF}.AppStore|iPhone.ActiveCfg = Release|x86
		{216699E0-13C5-4902-ACD9-5B4F4BA2B6CF}.AppStore|iPhone.Build.0 = Release|x86
		{216699E0-13C5-4902-ACD9-5B4F4BA2B6CF}.AppStore|iPhone.Deploy.0 = Release|x86
		{216699E0-13C5-4902-ACD9-5B4F4BA2B6CF}.AppStore|iPhoneSimulator.ActiveCfg = Release|x86
		{216699E0-13C5-4902-ACD9-5B4F4BA2B6CF}.AppStore|iPhoneSimulator.Build.0 = Release|x86
		{216699E0-13C5-4902-ACD9-5B4F4BA2B6CF}.AppStore|iPhoneSimulator.Deploy.0 = Release|x86
		{216699E0-13C5-4902-ACD9-5B4F4BA2B6CF}.AppStore|x64.ActiveCfg = Release|x64
		{216699E0-13C5-4902-ACD9-5B4F4BA2B6CF}.AppStore|x64.Build.0 = Release|x64
		{216699E0-13C5-4902-ACD9-5B4F4BA2B6CF}.AppStore|x64.Deploy.0 = Release|x64
		{216699E0-13C5-4902-ACD9-5B4F4BA2B6CF}.AppStore|x86.ActiveCfg = Release|x86
		{216699E0-13C5-4902-ACD9-5B4F4BA2B6CF}.AppStore|x86.Build.0 = Release|x86
		{216699E0-13C5-4902-ACD9-5B4F4BA2B6CF}.AppStore|x86.Deploy.0 = Release|x86
		{216699E0-13C5-4902-ACD9-5B4F4BA2B6CF}.Debug|Any CPU.ActiveCfg = Debug|x86
		{216699E0-13C5-4902-ACD9-5B4F4BA2B6CF}.Debug|ARM.ActiveCfg = Debug|ARM
		{216699E0-13C5-4902-ACD9-5B4F4BA2B6CF}.Debug|ARM.Build.0 = Debug|ARM
		{216699E0-13C5-4902-ACD9-5B4F4BA2B6CF}.Debug|ARM.Deploy.0 = Debug|ARM
		{216699E0-13C5-4902-ACD9-5B4F4BA2B6CF}.Debug|iPhone.ActiveCfg = Debug|x86
		{216699E0-13C5-4902-ACD9-5B4F4BA2B6CF}.Debug|iPhoneSimulator.ActiveCfg = Debug|x86
		{216699E0-13C5-4902-ACD9-5B4F4BA2B6CF}.Debug|x64.ActiveCfg = Debug|x64
		{216699E0-13C5-4902-ACD9-5B4F4BA2B6CF}.Debug|x64.Build.0 = Debug|x64
		{216699E0-13C5-4902-ACD9-5B4F4BA2B6CF}.Debug|x64.Deploy.0 = Debug|x64
		{216699E0-13C5-4902-ACD9-5B4F4BA2B6CF}.Debug|x86.ActiveCfg = Debug|x86
		{216699E0-13C5-4902-ACD9-5B4F4BA2B6CF}.Debug|x86.Build.0 = Debug|x86
		{216699E0-13C5-4902-ACD9-5B4F4BA2B6CF}.Debug|x86.Deploy.0 = Debug|x86
		{216699E0-13C5-4902-ACD9-5B4F4BA2B6CF}.Release|Any CPU.ActiveCfg = Release|x86
		{216699E0-13C5-4902-ACD9-5B4F4BA2B6CF}.Release|ARM.ActiveCfg = Release|ARM
		{216699E0-13C5-4902-ACD9-5B4F4BA2B6CF}.Release|ARM.Build.0 = Release|ARM
		{216699E0-13C5-4902-ACD9-5B4F4BA2B6CF}.Release|ARM.Deploy.0 = Release|ARM
		{216699E0-13C5-4902-ACD9-5B4F4BA2B6CF}.Release|iPhone.ActiveCfg = Release|x86
		{216699E0-13C5-4902-ACD9-5B4F4BA2B6CF}.Release|iPhoneSimulator.ActiveCfg = Release|x86
		{216699E0-13C5-4902-ACD9-5B4F4BA2B6CF}.Release|x64.ActiveCfg = Release|x64
		{216699E0-13C5-4902-ACD9-5B4F4BA2B6CF}.Release|x64.Build.0 = Release|x64
		{216699E0-13C5-4902-ACD9-5B4F4BA2B6CF}.Release|x64.Deploy.0 = Release|x64
		{216699E0-13C5-4902-ACD9-5B4F4BA2B6CF}.Release|x86.ActiveCfg = Release|x86
		{216699E0-13C5-4902-ACD9-5B4F4BA2B6CF}.Release|x86.Build.0 = Release|x86
		{216699E0-13C5-4902-ACD9-5B4F4BA2B6CF}.Release|x86.Deploy.0 = Release|x86
		{9613B542-E4F3-4D92-B742-B6567A61B87E}.Ad-Hoc|Any CPU.ActiveCfg = Ad-Hoc|iPhone
		{9613B542-E4F3-4D92-B742-B6567A61B87E}.Ad-Hoc|ARM.ActiveCfg = Ad-Hoc|iPhone
		{9613B542-E4F3-4D92-B742-B6567A61B87E}.Ad-Hoc|iPhone.ActiveCfg = Ad-Hoc|iPhone
		{9613B542-E4F3-4D92-B742-B6567A61B87E}.Ad-Hoc|iPhone.Build.0 = Ad-Hoc|iPhone
		{9613B542-E4F3-4D92-B742-B6567A61B87E}.Ad-Hoc|iPhoneSimulator.ActiveCfg = Ad-Hoc|iPhoneSimulator
		{9613B542-E4F3-4D92-B742-B6567A61B87E}.Ad-Hoc|iPhoneSimulator.Build.0 = Ad-Hoc|iPhoneSimulator
		{9613B542-E4F3-4D92-B742-B6567A61B87E}.Ad-Hoc|x64.ActiveCfg = Ad-Hoc|iPhone
		{9613B542-E4F3-4D92-B742-B6567A61B87E}.Ad-Hoc|x86.ActiveCfg = Ad-Hoc|iPhone
		{9613B542-E4F3-4D92-B742-B6567A61B87E}.AppStore|Any CPU.ActiveCfg = AppStore|iPhone
		{9613B542-E4F3-4D92-B742-B6567A61B87E}.AppStore|ARM.ActiveCfg = AppStore|iPhone
		{9613B542-E4F3-4D92-B742-B6567A61B87E}.AppStore|iPhone.ActiveCfg = AppStore|iPhone
		{9613B542-E4F3-4D92-B742-B6567A61B87E}.AppStore|iPhone.Build.0 = AppStore|iPhone
		{9613B542-E4F3-4D92-B742-B6567A61B87E}.AppStore|iPhoneSimulator.ActiveCfg = AppStore|iPhoneSimulator
		{9613B542-E4F3-4D92-B742-B6567A61B87E}.AppStore|iPhoneSimulator.Build.0 = AppStore|iPhoneSimulator
		{9613B542-E4F3-4D92-B742-B6567A61B87E}.AppStore|x64.ActiveCfg = AppStore|iPhone
		{9613B542-E4F3-4D92-B742-B6567A61B87E}.AppStore|x86.ActiveCfg = AppStore|iPhone
		{9613B542-E4F3-4D92-B742-B6567A61B87E}.Debug|Any CPU.ActiveCfg = Debug|iPhone
		{9613B542-E4F3-4D92-B742-B6567A61B87E}.Debug|ARM.ActiveCfg = Debug|iPhone
		{9613B542-E4F3-4D92-B742-B6567A61B87E}.Debug|iPhone.ActiveCfg = Debug|iPhone
		{9613B542-E4F3-4D92-B742-B6567A61B87E}.Debug|iPhone.Build.0 = Debug|iPhone
		{9613B542-E4F3-4D92-B742-B6567A61B87E}.Debug|iPhoneSimulator.ActiveCfg = Debug|iPhoneSimulator
		{9613B542-E4F3-4D92-B742-B6567A61B87E}.Debug|iPhoneSimulator.Build.0 = Debug|iPhoneSimulator
		{9613B542-E4F3-4D92-B742-B6567A61B87E}.Debug|x64.ActiveCfg = Debug|iPhone
		{9613B542-E4F3-4D92-B742-B6567A61B87E}.Debug|x86.ActiveCfg = Debug|iPhone
		{9613B542-E4F3-4D92-B742-B6567A61B87E}.Release|Any CPU.ActiveCfg = Release|iPhone
		{9613B542-E4F3-4D92-B742-B6567A61B87E}.Release|ARM.ActiveCfg = Release|iPhone
		{9613B542-E4F3-4D92-B742-B6567A61B87E}.Release|iPhone.ActiveCfg = Release|iPhone
		{9613B542-E4F3-4D92-B742-B6567A61B87E}.Release|iPhone.Build.0 = Release|iPhone
		{9613B542-E4F3-4D92-B742-B6567A61B87E}.Release|iPhoneSimulator.ActiveCfg = Release|iPhoneSimulator
		{9613B542-E4F3-4D92-B742-B6567A61B87E}.Release|iPhoneSimulator.Build.0 = Release|iPhoneSimulator
		{9613B542-E4F3-4D92-B742-B6567A61B87E}.Release|x64.ActiveCfg = Release|iPhone
		{9613B542-E4F3-4D92-B742-B6567A61B87E}.Release|x86.ActiveCfg = Release|iPhone
	EndGlobalSection
	GlobalSection(SolutionProperties) = preSolution
		HideSolutionNode = FALSE
	EndGlobalSection
EndGlobal
