
Microsoft Visual Studio Solution File, Format Version 12.00
# Visual Studio 14
VisualStudioVersion = 14.0.25420.1
MinimumVisualStudioVersion = 10.0.40219.1
Project("{FAE04EC0-301F-11D3-BF4B-00C04F79EFBC}") = "ESAE_WIN.Android", "ESAE_WIN\ESAE_WIN.Android\ESAE_WIN.Android.csproj", "{0A953B29-E8E3-479B-8813-6FC00A8FA1EE}"
EndProject
Project("{FAE04EC0-301F-11D3-BF4B-00C04F79EFBC}") = "ESAE_WIN", "ESAE_WIN\ESAE_WIN\ESAE_WIN.csproj", "{5C441067-9F30-493D-B782-3E2ED661C15D}"
EndProject
Project("{FAE04EC0-301F-11D3-BF4B-00C04F79EFBC}") = "ESAE_WIN.UWP", "ESAE_WIN\ESAE_WIN.UWP\ESAE_WIN.UWP.csproj", "{DF9F8374-AEA0-40E8-8DC2-68E63AF24CD5}"
EndProject
Project("{FAE04EC0-301F-11D3-BF4B-00C04F79EFBC}") = "ESAE_WIN.iOS", "ESAE_WIN\ESAE_WIN.iOS\ESAE_WIN.iOS.csproj", "{F5977A1E-9016-4979-BE5D-B09141D4D6A3}"
EndProject
Global
	GlobalSection(SolutionConfigurationPlatforms) = preSolution
		Ad-Hoc|Any CPU = Ad-Hoc|Any CPU
		Ad-Hoc|ARM = Ad-Hoc|ARM
		Ad-Hoc|iPhone = Ad-Hoc|iPhone
		Ad-Hoc|iPhoneSimulator = Ad-Hoc|iPhoneSimulator
		Ad-Hoc|x64 = Ad-Hoc|x64
		Ad-Hoc|x86 = Ad-Hoc|x86
		AppStore|Any CPU = AppStore|Any CPU
		AppStore|ARM = AppStore|ARM
		AppStore|iPhone = AppStore|iPhone
		AppStore|iPhoneSimulator = AppStore|iPhoneSimulator
		AppStore|x64 = AppStore|x64
		AppStore|x86 = AppStore|x86
		Debug|Any CPU = Debug|Any CPU
		Debug|ARM = Debug|ARM
		Debug|iPhone = Debug|iPhone
		Debug|iPhoneSimulator = Debug|iPhoneSimulator
		Debug|x64 = Debug|x64
		Debug|x86 = Debug|x86
		Release|Any CPU = Release|Any CPU
		Release|ARM = Release|ARM
		Release|iPhone = Release|iPhone
		Release|iPhoneSimulator = Release|iPhoneSimulator
		Release|x64 = Release|x64
		Release|x86 = Release|x86
	EndGlobalSection
	GlobalSection(ProjectConfigurationPlatforms) = postSolution
		{0A953B29-E8E3-479B-8813-6FC00A8FA1EE}.Ad-Hoc|Any CPU.ActiveCfg = Release|Any CPU
		{0A953B29-E8E3-479B-8813-6FC00A8FA1EE}.Ad-Hoc|Any CPU.Build.0 = Release|Any CPU
		{0A953B29-E8E3-479B-8813-6FC00A8FA1EE}.Ad-Hoc|Any CPU.Deploy.0 = Release|Any CPU
		{0A953B29-E8E3-479B-8813-6FC00A8FA1EE}.Ad-Hoc|ARM.ActiveCfg = Release|Any CPU
		{0A953B29-E8E3-479B-8813-6FC00A8FA1EE}.Ad-Hoc|ARM.Build.0 = Release|Any CPU
		{0A953B29-E8E3-479B-8813-6FC00A8FA1EE}.Ad-Hoc|ARM.Deploy.0 = Release|Any CPU
		{0A953B29-E8E3-479B-8813-6FC00A8FA1EE}.Ad-Hoc|iPhone.ActiveCfg = Release|Any CPU
		{0A953B29-E8E3-479B-8813-6FC00A8FA1EE}.Ad-Hoc|iPhone.Build.0 = Release|Any CPU
		{0A953B29-E8E3-479B-8813-6FC00A8FA1EE}.Ad-Hoc|iPhone.Deploy.0 = Release|Any CPU
		{0A953B29-E8E3-479B-8813-6FC00A8FA1EE}.Ad-Hoc|iPhoneSimulator.ActiveCfg = Release|Any CPU
		{0A953B29-E8E3-479B-8813-6FC00A8FA1EE}.Ad-Hoc|iPhoneSimulator.Build.0 = Release|Any CPU
		{0A953B29-E8E3-479B-8813-6FC00A8FA1EE}.Ad-Hoc|iPhoneSimulator.Deploy.0 = Release|Any CPU
		{0A953B29-E8E3-479B-8813-6FC00A8FA1EE}.Ad-Hoc|x64.ActiveCfg = Release|Any CPU
		{0A953B29-E8E3-479B-8813-6FC00A8FA1EE}.Ad-Hoc|x64.Build.0 = Release|Any CPU
		{0A953B29-E8E3-479B-8813-6FC00A8FA1EE}.Ad-Hoc|x64.Deploy.0 = Release|Any CPU
		{0A953B29-E8E3-479B-8813-6FC00A8FA1EE}.Ad-Hoc|x86.ActiveCfg = Release|Any CPU
		{0A953B29-E8E3-479B-8813-6FC00A8FA1EE}.Ad-Hoc|x86.Build.0 = Release|Any CPU
		{0A953B29-E8E3-479B-8813-6FC00A8FA1EE}.Ad-Hoc|x86.Deploy.0 = Release|Any CPU
		{0A953B29-E8E3-479B-8813-6FC00A8FA1EE}.AppStore|Any CPU.ActiveCfg = Release|Any CPU
		{0A953B29-E8E3-479B-8813-6FC00A8FA1EE}.AppStore|Any CPU.Build.0 = Release|Any CPU
		{0A953B29-E8E3-479B-8813-6FC00A8FA1EE}.AppStore|Any CPU.Deploy.0 = Release|Any CPU
		{0A953B29-E8E3-479B-8813-6FC00A8FA1EE}.AppStore|ARM.ActiveCfg = Release|Any CPU
		{0A953B29-E8E3-479B-8813-6FC00A8FA1EE}.AppStore|ARM.Build.0 = Release|Any CPU
		{0A953B29-E8E3-479B-8813-6FC00A8FA1EE}.AppStore|ARM.Deploy.0 = Release|Any CPU
		{0A953B29-E8E3-479B-8813-6FC00A8FA1EE}.AppStore|iPhone.ActiveCfg = Release|Any CPU
		{0A953B29-E8E3-479B-8813-6FC00A8FA1EE}.AppStore|iPhone.Build.0 = Release|Any CPU
		{0A953B29-E8E3-479B-8813-6FC00A8FA1EE}.AppStore|iPhone.Deploy.0 = Release|Any CPU
		{0A953B29-E8E3-479B-8813-6FC00A8FA1EE}.AppStore|iPhoneSimulator.ActiveCfg = Release|Any CPU
		{0A953B29-E8E3-479B-8813-6FC00A8FA1EE}.AppStore|iPhoneSimulator.Build.0 = Release|Any CPU
		{0A953B29-E8E3-479B-8813-6FC00A8FA1EE}.AppStore|iPhoneSimulator.Deploy.0 = Release|Any CPU
		{0A953B29-E8E3-479B-8813-6FC00A8FA1EE}.AppStore|x64.ActiveCfg = Release|Any CPU
		{0A953B29-E8E3-479B-8813-6FC00A8FA1EE}.AppStore|x64.Build.0 = Release|Any CPU
		{0A953B29-E8E3-479B-8813-6FC00A8FA1EE}.AppStore|x64.Deploy.0 = Release|Any CPU
		{0A953B29-E8E3-479B-8813-6FC00A8FA1EE}.AppStore|x86.ActiveCfg = Release|Any CPU
		{0A953B29-E8E3-479B-8813-6FC00A8FA1EE}.AppStore|x86.Build.0 = Release|Any CPU
		{0A953B29-E8E3-479B-8813-6FC00A8FA1EE}.AppStore|x86.Deploy.0 = Release|Any CPU
		{0A953B29-E8E3-479B-8813-6FC00A8FA1EE}.Debug|Any CPU.ActiveCfg = Debug|Any CPU
		{0A953B29-E8E3-479B-8813-6FC00A8FA1EE}.Debug|Any CPU.Build.0 = Debug|Any CPU
		{0A953B29-E8E3-479B-8813-6FC00A8FA1EE}.Debug|Any CPU.Deploy.0 = Debug|Any CPU
		{0A953B29-E8E3-479B-8813-6FC00A8FA1EE}.Debug|ARM.ActiveCfg = Debug|Any CPU
		{0A953B29-E8E3-479B-8813-6FC00A8FA1EE}.Debug|ARM.Build.0 = Debug|Any CPU
		{0A953B29-E8E3-479B-8813-6FC00A8FA1EE}.Debug|ARM.Deploy.0 = Debug|Any CPU
		{0A953B29-E8E3-479B-8813-6FC00A8FA1EE}.Debug|iPhone.ActiveCfg = Debug|Any CPU
		{0A953B29-E8E3-479B-8813-6FC00A8FA1EE}.Debug|iPhone.Build.0 = Debug|Any CPU
		{0A953B29-E8E3-479B-8813-6FC00A8FA1EE}.Debug|iPhone.Deploy.0 = Debug|Any CPU
		{0A953B29-E8E3-479B-8813-6FC00A8FA1EE}.Debug|iPhoneSimulator.ActiveCfg = Debug|Any CPU
		{0A953B29-E8E3-479B-8813-6FC00A8FA1EE}.Debug|iPhoneSimulator.Build.0 = Debug|Any CPU
		{0A953B29-E8E3-479B-8813-6FC00A8FA1EE}.Debug|iPhoneSimulator.Deploy.0 = Debug|Any CPU
		{0A953B29-E8E3-479B-8813-6FC00A8FA1EE}.Debug|x64.ActiveCfg = Debug|Any CPU
		{0A953B29-E8E3-479B-8813-6FC00A8FA1EE}.Debug|x64.Build.0 = Debug|Any CPU
		{0A953B29-E8E3-479B-8813-6FC00A8FA1EE}.Debug|x64.Deploy.0 = Debug|Any CPU
		{0A953B29-E8E3-479B-8813-6FC00A8FA1EE}.Debug|x86.ActiveCfg = Debug|Any CPU
		{0A953B29-E8E3-479B-8813-6FC00A8FA1EE}.Debug|x86.Build.0 = Debug|Any CPU
		{0A953B29-E8E3-479B-8813-6FC00A8FA1EE}.Debug|x86.Deploy.0 = Debug|Any CPU
		{0A953B29-E8E3-479B-8813-6FC00A8FA1EE}.Release|Any CPU.ActiveCfg = Release|Any CPU
		{0A953B29-E8E3-479B-8813-6FC00A8FA1EE}.Release|Any CPU.Build.0 = Release|Any CPU
		{0A953B29-E8E3-479B-8813-6FC00A8FA1EE}.Release|Any CPU.Deploy.0 = Release|Any CPU
		{0A953B29-E8E3-479B-8813-6FC00A8FA1EE}.Release|ARM.ActiveCfg = Release|Any CPU
		{0A953B29-E8E3-479B-8813-6FC00A8FA1EE}.Release|ARM.Build.0 = Release|Any CPU
		{0A953B29-E8E3-479B-8813-6FC00A8FA1EE}.Release|ARM.Deploy.0 = Release|Any CPU
		{0A953B29-E8E3-479B-8813-6FC00A8FA1EE}.Release|iPhone.ActiveCfg = Release|Any CPU
		{0A953B29-E8E3-479B-8813-6FC00A8FA1EE}.Release|iPhone.Build.0 = Release|Any CPU
		{0A953B29-E8E3-479B-8813-6FC00A8FA1EE}.Release|iPhone.Deploy.0 = Release|Any CPU
		{0A953B29-E8E3-479B-8813-6FC00A8FA1EE}.Release|iPhoneSimulator.ActiveCfg = Release|Any CPU
		{0A953B29-E8E3-479B-8813-6FC00A8FA1EE}.Release|iPhoneSimulator.Build.0 = Release|Any CPU
		{0A953B29-E8E3-479B-8813-6FC00A8FA1EE}.Release|iPhoneSimulator.Deploy.0 = Release|Any CPU
		{0A953B29-E8E3-479B-8813-6FC00A8FA1EE}.Release|x64.ActiveCfg = Release|Any CPU
		{0A953B29-E8E3-479B-8813-6FC00A8FA1EE}.Release|x64.Build.0 = Release|Any CPU
		{0A953B29-E8E3-479B-8813-6FC00A8FA1EE}.Release|x64.Deploy.0 = Release|Any CPU
		{0A953B29-E8E3-479B-8813-6FC00A8FA1EE}.Release|x86.ActiveCfg = Release|Any CPU
		{0A953B29-E8E3-479B-8813-6FC00A8FA1EE}.Release|x86.Build.0 = Release|Any CPU
		{0A953B29-E8E3-479B-8813-6FC00A8FA1EE}.Release|x86.Deploy.0 = Release|Any CPU
		{5C441067-9F30-493D-B782-3E2ED661C15D}.Ad-Hoc|Any CPU.ActiveCfg = Release|Any CPU
		{5C441067-9F30-493D-B782-3E2ED661C15D}.Ad-Hoc|Any CPU.Build.0 = Release|Any CPU
		{5C441067-9F30-493D-B782-3E2ED661C15D}.Ad-Hoc|ARM.ActiveCfg = Release|Any CPU
		{5C441067-9F30-493D-B782-3E2ED661C15D}.Ad-Hoc|ARM.Build.0 = Release|Any CPU
		{5C441067-9F30-493D-B782-3E2ED661C15D}.Ad-Hoc|iPhone.ActiveCfg = Release|Any CPU
		{5C441067-9F30-493D-B782-3E2ED661C15D}.Ad-Hoc|iPhone.Build.0 = Release|Any CPU
		{5C441067-9F30-493D-B782-3E2ED661C15D}.Ad-Hoc|iPhoneSimulator.ActiveCfg = Release|Any CPU
		{5C441067-9F30-493D-B782-3E2ED661C15D}.Ad-Hoc|iPhoneSimulator.Build.0 = Release|Any CPU
		{5C441067-9F30-493D-B782-3E2ED661C15D}.Ad-Hoc|x64.ActiveCfg = Release|Any CPU
		{5C441067-9F30-493D-B782-3E2ED661C15D}.Ad-Hoc|x64.Build.0 = Release|Any CPU
		{5C441067-9F30-493D-B782-3E2ED661C15D}.Ad-Hoc|x86.ActiveCfg = Release|Any CPU
		{5C441067-9F30-493D-B782-3E2ED661C15D}.Ad-Hoc|x86.Build.0 = Release|Any CPU
		{5C441067-9F30-493D-B782-3E2ED661C15D}.AppStore|Any CPU.ActiveCfg = Release|Any CPU
		{5C441067-9F30-493D-B782-3E2ED661C15D}.AppStore|Any CPU.Build.0 = Release|Any CPU
		{5C441067-9F30-493D-B782-3E2ED661C15D}.AppStore|ARM.ActiveCfg = Release|Any CPU
		{5C441067-9F30-493D-B782-3E2ED661C15D}.AppStore|ARM.Build.0 = Release|Any CPU
		{5C441067-9F30-493D-B782-3E2ED661C15D}.AppStore|iPhone.ActiveCfg = Release|Any CPU
		{5C441067-9F30-493D-B782-3E2ED661C15D}.AppStore|iPhone.Build.0 = Release|Any CPU
		{5C441067-9F30-493D-B782-3E2ED661C15D}.AppStore|iPhoneSimulator.ActiveCfg = Release|Any CPU
		{5C441067-9F30-493D-B782-3E2ED661C15D}.AppStore|iPhoneSimulator.Build.0 = Release|Any CPU
		{5C441067-9F30-493D-B782-3E2ED661C15D}.AppStore|x64.ActiveCfg = Release|Any CPU
		{5C441067-9F30-493D-B782-3E2ED661C15D}.AppStore|x64.Build.0 = Release|Any CPU
		{5C441067-9F30-493D-B782-3E2ED661C15D}.AppStore|x86.ActiveCfg = Release|Any CPU
		{5C441067-9F30-493D-B782-3E2ED661C15D}.AppStore|x86.Build.0 = Release|Any CPU
		{5C441067-9F30-493D-B782-3E2ED661C15D}.Debug|Any CPU.ActiveCfg = Debug|Any CPU
		{5C441067-9F30-493D-B782-3E2ED661C15D}.Debug|Any CPU.Build.0 = Debug|Any CPU
		{5C441067-9F30-493D-B782-3E2ED661C15D}.Debug|ARM.ActiveCfg = Debug|Any CPU
		{5C441067-9F30-493D-B782-3E2ED661C15D}.Debug|ARM.Build.0 = Debug|Any CPU
		{5C441067-9F30-493D-B782-3E2ED661C15D}.Debug|iPhone.ActiveCfg = Debug|Any CPU
		{5C441067-9F30-493D-B782-3E2ED661C15D}.Debug|iPhone.Build.0 = Debug|Any CPU
		{5C441067-9F30-493D-B782-3E2ED661C15D}.Debug|iPhoneSimulator.ActiveCfg = Debug|Any CPU
		{5C441067-9F30-493D-B782-3E2ED661C15D}.Debug|iPhoneSimulator.Build.0 = Debug|Any CPU
		{5C441067-9F30-493D-B782-3E2ED661C15D}.Debug|x64.ActiveCfg = Debug|Any CPU
		{5C441067-9F30-493D-B782-3E2ED661C15D}.Debug|x64.Build.0 = Debug|Any CPU
		{5C441067-9F30-493D-B782-3E2ED661C15D}.Debug|x86.ActiveCfg = Debug|Any CPU
		{5C441067-9F30-493D-B782-3E2ED661C15D}.Debug|x86.Build.0 = Debug|Any CPU
		{5C441067-9F30-493D-B782-3E2ED661C15D}.Release|Any CPU.ActiveCfg = Release|Any CPU
		{5C441067-9F30-493D-B782-3E2ED661C15D}.Release|Any CPU.Build.0 = Release|Any CPU
		{5C441067-9F30-493D-B782-3E2ED661C15D}.Release|ARM.ActiveCfg = Release|Any CPU
		{5C441067-9F30-493D-B782-3E2ED661C15D}.Release|ARM.Build.0 = Release|Any CPU
		{5C441067-9F30-493D-B782-3E2ED661C15D}.Release|iPhone.ActiveCfg = Release|Any CPU
		{5C441067-9F30-493D-B782-3E2ED661C15D}.Release|iPhone.Build.0 = Release|Any CPU
		{5C441067-9F30-493D-B782-3E2ED661C15D}.Release|iPhoneSimulator.ActiveCfg = Release|Any CPU
		{5C441067-9F30-493D-B782-3E2ED661C15D}.Release|iPhoneSimulator.Build.0 = Release|Any CPU
		{5C441067-9F30-493D-B782-3E2ED661C15D}.Release|x64.ActiveCfg = Release|Any CPU
		{5C441067-9F30-493D-B782-3E2ED661C15D}.Release|x64.Build.0 = Release|Any CPU
		{5C441067-9F30-493D-B782-3E2ED661C15D}.Release|x86.ActiveCfg = Release|Any CPU
		{5C441067-9F30-493D-B782-3E2ED661C15D}.Release|x86.Build.0 = Release|Any CPU
		{DF9F8374-AEA0-40E8-8DC2-68E63AF24CD5}.Ad-Hoc|Any CPU.ActiveCfg = Release|x86
		{DF9F8374-AEA0-40E8-8DC2-68E63AF24CD5}.Ad-Hoc|Any CPU.Build.0 = Release|x86
		{DF9F8374-AEA0-40E8-8DC2-68E63AF24CD5}.Ad-Hoc|Any CPU.Deploy.0 = Release|x86
		{DF9F8374-AEA0-40E8-8DC2-68E63AF24CD5}.Ad-Hoc|ARM.ActiveCfg = Release|ARM
		{DF9F8374-AEA0-40E8-8DC2-68E63AF24CD5}.Ad-Hoc|ARM.Build.0 = Release|ARM
		{DF9F8374-AEA0-40E8-8DC2-68E63AF24CD5}.Ad-Hoc|ARM.Deploy.0 = Release|ARM
		{DF9F8374-AEA0-40E8-8DC2-68E63AF24CD5}.Ad-Hoc|iPhone.ActiveCfg = Release|x86
		{DF9F8374-AEA0-40E8-8DC2-68E63AF24CD5}.Ad-Hoc|iPhone.Build.0 = Release|x86
		{DF9F8374-AEA0-40E8-8DC2-68E63AF24CD5}.Ad-Hoc|iPhone.Deploy.0 = Release|x86
		{DF9F8374-AEA0-40E8-8DC2-68E63AF24CD5}.Ad-Hoc|iPhoneSimulator.ActiveCfg = Release|x86
		{DF9F8374-AEA0-40E8-8DC2-68E63AF24CD5}.Ad-Hoc|iPhoneSimulator.Build.0 = Release|x86
		{DF9F8374-AEA0-40E8-8DC2-68E63AF24CD5}.Ad-Hoc|iPhoneSimulator.Deploy.0 = Release|x86
		{DF9F8374-AEA0-40E8-8DC2-68E63AF24CD5}.Ad-Hoc|x64.ActiveCfg = Release|x64
		{DF9F8374-AEA0-40E8-8DC2-68E63AF24CD5}.Ad-Hoc|x64.Build.0 = Release|x64
		{DF9F8374-AEA0-40E8-8DC2-68E63AF24CD5}.Ad-Hoc|x64.Deploy.0 = Release|x64
		{DF9F8374-AEA0-40E8-8DC2-68E63AF24CD5}.Ad-Hoc|x86.ActiveCfg = Release|x86
		{DF9F8374-AEA0-40E8-8DC2-68E63AF24CD5}.Ad-Hoc|x86.Build.0 = Release|x86
		{DF9F8374-AEA0-40E8-8DC2-68E63AF24CD5}.Ad-Hoc|x86.Deploy.0 = Release|x86
		{DF9F8374-AEA0-40E8-8DC2-68E63AF24CD5}.AppStore|Any CPU.ActiveCfg = Release|x86
		{DF9F8374-AEA0-40E8-8DC2-68E63AF24CD5}.AppStore|Any CPU.Build.0 = Release|x86
		{DF9F8374-AEA0-40E8-8DC2-68E63AF24CD5}.AppStore|Any CPU.Deploy.0 = Release|x86
		{DF9F8374-AEA0-40E8-8DC2-68E63AF24CD5}.AppStore|ARM.ActiveCfg = Release|ARM
		{DF9F8374-AEA0-40E8-8DC2-68E63AF24CD5}.AppStore|ARM.Build.0 = Release|ARM
		{DF9F8374-AEA0-40E8-8DC2-68E63AF24CD5}.AppStore|ARM.Deploy.0 = Release|ARM
		{DF9F8374-AEA0-40E8-8DC2-68E63AF24CD5}.AppStore|iPhone.ActiveCfg = Release|x86
		{DF9F8374-AEA0-40E8-8DC2-68E63AF24CD5}.AppStore|iPhone.Build.0 = Release|x86
		{DF9F8374-AEA0-40E8-8DC2-68E63AF24CD5}.AppStore|iPhone.Deploy.0 = Release|x86
		{DF9F8374-AEA0-40E8-8DC2-68E63AF24CD5}.AppStore|iPhoneSimulator.ActiveCfg = Release|x86
		{DF9F8374-AEA0-40E8-8DC2-68E63AF24CD5}.AppStore|iPhoneSimulator.Build.0 = Release|x86
		{DF9F8374-AEA0-40E8-8DC2-68E63AF24CD5}.AppStore|iPhoneSimulator.Deploy.0 = Release|x86
		{DF9F8374-AEA0-40E8-8DC2-68E63AF24CD5}.AppStore|x64.ActiveCfg = Release|x64
		{DF9F8374-AEA0-40E8-8DC2-68E63AF24CD5}.AppStore|x64.Build.0 = Release|x64
		{DF9F8374-AEA0-40E8-8DC2-68E63AF24CD5}.AppStore|x64.Deploy.0 = Release|x64
		{DF9F8374-AEA0-40E8-8DC2-68E63AF24CD5}.AppStore|x86.ActiveCfg = Release|x86
		{DF9F8374-AEA0-40E8-8DC2-68E63AF24CD5}.AppStore|x86.Build.0 = Release|x86
		{DF9F8374-AEA0-40E8-8DC2-68E63AF24CD5}.AppStore|x86.Deploy.0 = Release|x86
		{DF9F8374-AEA0-40E8-8DC2-68E63AF24CD5}.Debug|Any CPU.ActiveCfg = Debug|x86
		{DF9F8374-AEA0-40E8-8DC2-68E63AF24CD5}.Debug|ARM.ActiveCfg = Debug|ARM
		{DF9F8374-AEA0-40E8-8DC2-68E63AF24CD5}.Debug|ARM.Build.0 = Debug|ARM
		{DF9F8374-AEA0-40E8-8DC2-68E63AF24CD5}.Debug|ARM.Deploy.0 = Debug|ARM
		{DF9F8374-AEA0-40E8-8DC2-68E63AF24CD5}.Debug|iPhone.ActiveCfg = Debug|x86
		{DF9F8374-AEA0-40E8-8DC2-68E63AF24CD5}.Debug|iPhoneSimulator.ActiveCfg = Debug|x86
		{DF9F8374-AEA0-40E8-8DC2-68E63AF24CD5}.Debug|x64.ActiveCfg = Debug|x64
		{DF9F8374-AEA0-40E8-8DC2-68E63AF24CD5}.Debug|x64.Build.0 = Debug|x64
		{DF9F8374-AEA0-40E8-8DC2-68E63AF24CD5}.Debug|x64.Deploy.0 = Debug|x64
		{DF9F8374-AEA0-40E8-8DC2-68E63AF24CD5}.Debug|x86.ActiveCfg = Debug|x86
		{DF9F8374-AEA0-40E8-8DC2-68E63AF24CD5}.Debug|x86.Build.0 = Debug|x86
		{DF9F8374-AEA0-40E8-8DC2-68E63AF24CD5}.Debug|x86.Deploy.0 = Debug|x86
		{DF9F8374-AEA0-40E8-8DC2-68E63AF24CD5}.Release|Any CPU.ActiveCfg = Release|x86
		{DF9F8374-AEA0-40E8-8DC2-68E63AF24CD5}.Release|ARM.ActiveCfg = Release|ARM
		{DF9F8374-AEA0-40E8-8DC2-68E63AF24CD5}.Release|ARM.Build.0 = Release|ARM
		{DF9F8374-AEA0-40E8-8DC2-68E63AF24CD5}.Release|ARM.Deploy.0 = Release|ARM
		{DF9F8374-AEA0-40E8-8DC2-68E63AF24CD5}.Release|iPhone.ActiveCfg = Release|x86
		{DF9F8374-AEA0-40E8-8DC2-68E63AF24CD5}.Release|iPhoneSimulator.ActiveCfg = Release|x86
		{DF9F8374-AEA0-40E8-8DC2-68E63AF24CD5}.Release|x64.ActiveCfg = Release|x64
		{DF9F8374-AEA0-40E8-8DC2-68E63AF24CD5}.Release|x64.Build.0 = Release|x64
		{DF9F8374-AEA0-40E8-8DC2-68E63AF24CD5}.Release|x64.Deploy.0 = Release|x64
		{DF9F8374-AEA0-40E8-8DC2-68E63AF24CD5}.Release|x86.ActiveCfg = Release|x86
		{DF9F8374-AEA0-40E8-8DC2-68E63AF24CD5}.Release|x86.Build.0 = Release|x86
		{DF9F8374-AEA0-40E8-8DC2-68E63AF24CD5}.Release|x86.Deploy.0 = Release|x86
		{F5977A1E-9016-4979-BE5D-B09141D4D6A3}.Ad-Hoc|Any CPU.ActiveCfg = Ad-Hoc|iPhone
		{F5977A1E-9016-4979-BE5D-B09141D4D6A3}.Ad-Hoc|ARM.ActiveCfg = Ad-Hoc|iPhone
		{F5977A1E-9016-4979-BE5D-B09141D4D6A3}.Ad-Hoc|iPhone.ActiveCfg = Ad-Hoc|iPhone
		{F5977A1E-9016-4979-BE5D-B09141D4D6A3}.Ad-Hoc|iPhone.Build.0 = Ad-Hoc|iPhone
		{F5977A1E-9016-4979-BE5D-B09141D4D6A3}.Ad-Hoc|iPhoneSimulator.ActiveCfg = Ad-Hoc|iPhoneSimulator
		{F5977A1E-9016-4979-BE5D-B09141D4D6A3}.Ad-Hoc|iPhoneSimulator.Build.0 = Ad-Hoc|iPhoneSimulator
		{F5977A1E-9016-4979-BE5D-B09141D4D6A3}.Ad-Hoc|x64.ActiveCfg = Ad-Hoc|iPhone
		{F5977A1E-9016-4979-BE5D-B09141D4D6A3}.Ad-Hoc|x86.ActiveCfg = Ad-Hoc|iPhone
		{F5977A1E-9016-4979-BE5D-B09141D4D6A3}.AppStore|Any CPU.ActiveCfg = AppStore|iPhone
		{F5977A1E-9016-4979-BE5D-B09141D4D6A3}.AppStore|ARM.ActiveCfg = AppStore|iPhone
		{F5977A1E-9016-4979-BE5D-B09141D4D6A3}.AppStore|iPhone.ActiveCfg = AppStore|iPhone
		{F5977A1E-9016-4979-BE5D-B09141D4D6A3}.AppStore|iPhone.Build.0 = AppStore|iPhone
		{F5977A1E-9016-4979-BE5D-B09141D4D6A3}.AppStore|iPhoneSimulator.ActiveCfg = AppStore|iPhoneSimulator
		{F5977A1E-9016-4979-BE5D-B09141D4D6A3}.AppStore|iPhoneSimulator.Build.0 = AppStore|iPhoneSimulator
		{F5977A1E-9016-4979-BE5D-B09141D4D6A3}.AppStore|x64.ActiveCfg = AppStore|iPhone
		{F5977A1E-9016-4979-BE5D-B09141D4D6A3}.AppStore|x86.ActiveCfg = AppStore|iPhone
		{F5977A1E-9016-4979-BE5D-B09141D4D6A3}.Debug|Any CPU.ActiveCfg = Debug|iPhone
		{F5977A1E-9016-4979-BE5D-B09141D4D6A3}.Debug|ARM.ActiveCfg = Debug|iPhone
		{F5977A1E-9016-4979-BE5D-B09141D4D6A3}.Debug|iPhone.ActiveCfg = Debug|iPhone
		{F5977A1E-9016-4979-BE5D-B09141D4D6A3}.Debug|iPhone.Build.0 = Debug|iPhone
		{F5977A1E-9016-4979-BE5D-B09141D4D6A3}.Debug|iPhoneSimulator.ActiveCfg = Debug|iPhoneSimulator
		{F5977A1E-9016-4979-BE5D-B09141D4D6A3}.Debug|iPhoneSimulator.Build.0 = Debug|iPhoneSimulator
		{F5977A1E-9016-4979-BE5D-B09141D4D6A3}.Debug|x64.ActiveCfg = Debug|iPhone
		{F5977A1E-9016-4979-BE5D-B09141D4D6A3}.Debug|x86.ActiveCfg = Debug|iPhone
		{F5977A1E-9016-4979-BE5D-B09141D4D6A3}.Release|Any CPU.ActiveCfg = Release|iPhone
		{F5977A1E-9016-4979-BE5D-B09141D4D6A3}.Release|ARM.ActiveCfg = Release|iPhone
		{F5977A1E-9016-4979-BE5D-B09141D4D6A3}.Release|iPhone.ActiveCfg = Release|iPhone
		{F5977A1E-9016-4979-BE5D-B09141D4D6A3}.Release|iPhone.Build.0 = Release|iPhone
		{F5977A1E-9016-4979-BE5D-B09141D4D6A3}.Release|iPhoneSimulator.ActiveCfg = Release|iPhoneSimulator
		{F5977A1E-9016-4979-BE5D-B09141D4D6A3}.Release|iPhoneSimulator.Build.0 = Release|iPhoneSimulator
		{F5977A1E-9016-4979-BE5D-B09141D4D6A3}.Release|x64.ActiveCfg = Release|iPhone
		{F5977A1E-9016-4979-BE5D-B09141D4D6A3}.Release|x86.ActiveCfg = Release|iPhone
	EndGlobalSection
	GlobalSection(SolutionProperties) = preSolution
		HideSolutionNode = FALSE
	EndGlobalSection
EndGlobal
