
Microsoft Visual Studio Solution File, Format Version 12.00
# Visual Studio 14
VisualStudioVersion = 14.0.25420.1
MinimumVisualStudioVersion = 10.0.40219.1
Project("{FAE04EC0-301F-11D3-BF4B-00C04F79EFBC}") = "Win_ESAE.Android", "Win_ESAE\Win_ESAE.Android\Win_ESAE.Android.csproj", "{7A827A44-B5DF-48B3-948E-C86F9ED79223}"
EndProject
Project("{FAE04EC0-301F-11D3-BF4B-00C04F79EFBC}") = "Win_ESAE", "Win_ESAE\Win_ESAE\Win_ESAE.csproj", "{44F4036B-3960-40B0-8207-A3064BE15ED3}"
EndProject
Project("{FAE04EC0-301F-11D3-BF4B-00C04F79EFBC}") = "Win_ESAE.UWP", "Win_ESAE\Win_ESAE.UWP\Win_ESAE.UWP.csproj", "{33E9800D-0EB4-48EA-8DE5-F49717D8F9C5}"
EndProject
Project("{FAE04EC0-301F-11D3-BF4B-00C04F79EFBC}") = "Win_ESAE.iOS", "Win_ESAE\Win_ESAE.iOS\Win_ESAE.iOS.csproj", "{B2E17008-84FE-4F0E-9AF2-8F473379E26D}"
EndProject
Project("{FAE04EC0-301F-11D3-BF4B-00C04F79EFBC}") = "Qz_Esae", "..\..\..\..\AppESAE\Qz_Esae\Qz_Esae\Qz_Esae\Qz_Esae.csproj", "{5A4851ED-B9A3-4FB0-9533-A6935086080E}"
EndProject
Global
	GlobalSection(SolutionConfigurationPlatforms) = preSolution
		Ad-Hoc|Any CPU = Ad-Hoc|Any CPU
		Ad-Hoc|ARM = Ad-Hoc|ARM
		Ad-Hoc|iPhone = Ad-Hoc|iPhone
		Ad-Hoc|iPhoneSimulator = Ad-Hoc|iPhoneSimulator
		Ad-Hoc|x64 = Ad-Hoc|x64
		Ad-Hoc|x86 = Ad-Hoc|x86
		AppStore|Any CPU = AppStore|Any CPU
		AppStore|ARM = AppStore|ARM
		AppStore|iPhone = AppStore|iPhone
		AppStore|iPhoneSimulator = AppStore|iPhoneSimulator
		AppStore|x64 = AppStore|x64
		AppStore|x86 = AppStore|x86
		Debug|Any CPU = Debug|Any CPU
		Debug|ARM = Debug|ARM
		Debug|iPhone = Debug|iPhone
		Debug|iPhoneSimulator = Debug|iPhoneSimulator
		Debug|x64 = Debug|x64
		Debug|x86 = Debug|x86
		Release|Any CPU = Release|Any CPU
		Release|ARM = Release|ARM
		Release|iPhone = Release|iPhone
		Release|iPhoneSimulator = Release|iPhoneSimulator
		Release|x64 = Release|x64
		Release|x86 = Release|x86
	EndGlobalSection
	GlobalSection(ProjectConfigurationPlatforms) = postSolution
		{7A827A44-B5DF-48B3-948E-C86F9ED79223}.Ad-Hoc|Any CPU.ActiveCfg = Release|Any CPU
		{7A827A44-B5DF-48B3-948E-C86F9ED79223}.Ad-Hoc|Any CPU.Build.0 = Release|Any CPU
		{7A827A44-B5DF-48B3-948E-C86F9ED79223}.Ad-Hoc|Any CPU.Deploy.0 = Release|Any CPU
		{7A827A44-B5DF-48B3-948E-C86F9ED79223}.Ad-Hoc|ARM.ActiveCfg = Release|Any CPU
		{7A827A44-B5DF-48B3-948E-C86F9ED79223}.Ad-Hoc|ARM.Build.0 = Release|Any CPU
		{7A827A44-B5DF-48B3-948E-C86F9ED79223}.Ad-Hoc|ARM.Deploy.0 = Release|Any CPU
		{7A827A44-B5DF-48B3-948E-C86F9ED79223}.Ad-Hoc|iPhone.ActiveCfg = Release|Any CPU
		{7A827A44-B5DF-48B3-948E-C86F9ED79223}.Ad-Hoc|iPhone.Build.0 = Release|Any CPU
		{7A827A44-B5DF-48B3-948E-C86F9ED79223}.Ad-Hoc|iPhone.Deploy.0 = Release|Any CPU
		{7A827A44-B5DF-48B3-948E-C86F9ED79223}.Ad-Hoc|iPhoneSimulator.ActiveCfg = Release|Any CPU
		{7A827A44-B5DF-48B3-948E-C86F9ED79223}.Ad-Hoc|iPhoneSimulator.Build.0 = Release|Any CPU
		{7A827A44-B5DF-48B3-948E-C86F9ED79223}.Ad-Hoc|iPhoneSimulator.Deploy.0 = Release|Any CPU
		{7A827A44-B5DF-48B3-948E-C86F9ED79223}.Ad-Hoc|x64.ActiveCfg = Release|Any CPU
		{7A827A44-B5DF-48B3-948E-C86F9ED79223}.Ad-Hoc|x64.Build.0 = Release|Any CPU
		{7A827A44-B5DF-48B3-948E-C86F9ED79223}.Ad-Hoc|x64.Deploy.0 = Release|Any CPU
		{7A827A44-B5DF-48B3-948E-C86F9ED79223}.Ad-Hoc|x86.ActiveCfg = Release|Any CPU
		{7A827A44-B5DF-48B3-948E-C86F9ED79223}.Ad-Hoc|x86.Build.0 = Release|Any CPU
		{7A827A44-B5DF-48B3-948E-C86F9ED79223}.Ad-Hoc|x86.Deploy.0 = Release|Any CPU
		{7A827A44-B5DF-48B3-948E-C86F9ED79223}.AppStore|Any CPU.ActiveCfg = Release|Any CPU
		{7A827A44-B5DF-48B3-948E-C86F9ED79223}.AppStore|Any CPU.Build.0 = Release|Any CPU
		{7A827A44-B5DF-48B3-948E-C86F9ED79223}.AppStore|Any CPU.Deploy.0 = Release|Any CPU
		{7A827A44-B5DF-48B3-948E-C86F9ED79223}.AppStore|ARM.ActiveCfg = Release|Any CPU
		{7A827A44-B5DF-48B3-948E-C86F9ED79223}.AppStore|ARM.Build.0 = Release|Any CPU
		{7A827A44-B5DF-48B3-948E-C86F9ED79223}.AppStore|ARM.Deploy.0 = Release|Any CPU
		{7A827A44-B5DF-48B3-948E-C86F9ED79223}.AppStore|iPhone.ActiveCfg = Release|Any CPU
		{7A827A44-B5DF-48B3-948E-C86F9ED79223}.AppStore|iPhone.Build.0 = Release|Any CPU
		{7A827A44-B5DF-48B3-948E-C86F9ED79223}.AppStore|iPhone.Deploy.0 = Release|Any CPU
		{7A827A44-B5DF-48B3-948E-C86F9ED79223}.AppStore|iPhoneSimulator.ActiveCfg = Release|Any CPU
		{7A827A44-B5DF-48B3-948E-C86F9ED79223}.AppStore|iPhoneSimulator.Build.0 = Release|Any CPU
		{7A827A44-B5DF-48B3-948E-C86F9ED79223}.AppStore|iPhoneSimulator.Deploy.0 = Release|Any CPU
		{7A827A44-B5DF-48B3-948E-C86F9ED79223}.AppStore|x64.ActiveCfg = Release|Any CPU
		{7A827A44-B5DF-48B3-948E-C86F9ED79223}.AppStore|x64.Build.0 = Release|Any CPU
		{7A827A44-B5DF-48B3-948E-C86F9ED79223}.AppStore|x64.Deploy.0 = Release|Any CPU
		{7A827A44-B5DF-48B3-948E-C86F9ED79223}.AppStore|x86.ActiveCfg = Release|Any CPU
		{7A827A44-B5DF-48B3-948E-C86F9ED79223}.AppStore|x86.Build.0 = Release|Any CPU
		{7A827A44-B5DF-48B3-948E-C86F9ED79223}.AppStore|x86.Deploy.0 = Release|Any CPU
		{7A827A44-B5DF-48B3-948E-C86F9ED79223}.Debug|Any CPU.ActiveCfg = Debug|Any CPU
		{7A827A44-B5DF-48B3-948E-C86F9ED79223}.Debug|Any CPU.Build.0 = Debug|Any CPU
		{7A827A44-B5DF-48B3-948E-C86F9ED79223}.Debug|Any CPU.Deploy.0 = Debug|Any CPU
		{7A827A44-B5DF-48B3-948E-C86F9ED79223}.Debug|ARM.ActiveCfg = Debug|Any CPU
		{7A827A44-B5DF-48B3-948E-C86F9ED79223}.Debug|ARM.Build.0 = Debug|Any CPU
		{7A827A44-B5DF-48B3-948E-C86F9ED79223}.Debug|ARM.Deploy.0 = Debug|Any CPU
		{7A827A44-B5DF-48B3-948E-C86F9ED79223}.Debug|iPhone.ActiveCfg = Debug|Any CPU
		{7A827A44-B5DF-48B3-948E-C86F9ED79223}.Debug|iPhone.Build.0 = Debug|Any CPU
		{7A827A44-B5DF-48B3-948E-C86F9ED79223}.Debug|iPhone.Deploy.0 = Debug|Any CPU
		{7A827A44-B5DF-48B3-948E-C86F9ED79223}.Debug|iPhoneSimulator.ActiveCfg = Debug|Any CPU
		{7A827A44-B5DF-48B3-948E-C86F9ED79223}.Debug|iPhoneSimulator.Build.0 = Debug|Any CPU
		{7A827A44-B5DF-48B3-948E-C86F9ED79223}.Debug|iPhoneSimulator.Deploy.0 = Debug|Any CPU
		{7A827A44-B5DF-48B3-948E-C86F9ED79223}.Debug|x64.ActiveCfg = Debug|Any CPU
		{7A827A44-B5DF-48B3-948E-C86F9ED79223}.Debug|x64.Build.0 = Debug|Any CPU
		{7A827A44-B5DF-48B3-948E-C86F9ED79223}.Debug|x64.Deploy.0 = Debug|Any CPU
		{7A827A44-B5DF-48B3-948E-C86F9ED79223}.Debug|x86.ActiveCfg = Debug|Any CPU
		{7A827A44-B5DF-48B3-948E-C86F9ED79223}.Debug|x86.Build.0 = Debug|Any CPU
		{7A827A44-B5DF-48B3-948E-C86F9ED79223}.Debug|x86.Deploy.0 = Debug|Any CPU
		{7A827A44-B5DF-48B3-948E-C86F9ED79223}.Release|Any CPU.ActiveCfg = Release|Any CPU
		{7A827A44-B5DF-48B3-948E-C86F9ED79223}.Release|Any CPU.Build.0 = Release|Any CPU
		{7A827A44-B5DF-48B3-948E-C86F9ED79223}.Release|Any CPU.Deploy.0 = Release|Any CPU
		{7A827A44-B5DF-48B3-948E-C86F9ED79223}.Release|ARM.ActiveCfg = Release|Any CPU
		{7A827A44-B5DF-48B3-948E-C86F9ED79223}.Release|ARM.Build.0 = Release|Any CPU
		{7A827A44-B5DF-48B3-948E-C86F9ED79223}.Release|ARM.Deploy.0 = Release|Any CPU
		{7A827A44-B5DF-48B3-948E-C86F9ED79223}.Release|iPhone.ActiveCfg = Release|Any CPU
		{7A827A44-B5DF-48B3-948E-C86F9ED79223}.Release|iPhone.Build.0 = Release|Any CPU
		{7A827A44-B5DF-48B3-948E-C86F9ED79223}.Release|iPhone.Deploy.0 = Release|Any CPU
		{7A827A44-B5DF-48B3-948E-C86F9ED79223}.Release|iPhoneSimulator.ActiveCfg = Release|Any CPU
		{7A827A44-B5DF-48B3-948E-C86F9ED79223}.Release|iPhoneSimulator.Build.0 = Release|Any CPU
		{7A827A44-B5DF-48B3-948E-C86F9ED79223}.Release|iPhoneSimulator.Deploy.0 = Release|Any CPU
		{7A827A44-B5DF-48B3-948E-C86F9ED79223}.Release|x64.ActiveCfg = Release|Any CPU
		{7A827A44-B5DF-48B3-948E-C86F9ED79223}.Release|x64.Build.0 = Release|Any CPU
		{7A827A44-B5DF-48B3-948E-C86F9ED79223}.Release|x64.Deploy.0 = Release|Any CPU
		{7A827A44-B5DF-48B3-948E-C86F9ED79223}.Release|x86.ActiveCfg = Release|Any CPU
		{7A827A44-B5DF-48B3-948E-C86F9ED79223}.Release|x86.Build.0 = Release|Any CPU
		{7A827A44-B5DF-48B3-948E-C86F9ED79223}.Release|x86.Deploy.0 = Release|Any CPU
		{44F4036B-3960-40B0-8207-A3064BE15ED3}.Ad-Hoc|Any CPU.ActiveCfg = Release|Any CPU
		{44F4036B-3960-40B0-8207-A3064BE15ED3}.Ad-Hoc|Any CPU.Build.0 = Release|Any CPU
		{44F4036B-3960-40B0-8207-A3064BE15ED3}.Ad-Hoc|ARM.ActiveCfg = Release|Any CPU
		{44F4036B-3960-40B0-8207-A3064BE15ED3}.Ad-Hoc|ARM.Build.0 = Release|Any CPU
		{44F4036B-3960-40B0-8207-A3064BE15ED3}.Ad-Hoc|iPhone.ActiveCfg = Release|Any CPU
		{44F4036B-3960-40B0-8207-A3064BE15ED3}.Ad-Hoc|iPhone.Build.0 = Release|Any CPU
		{44F4036B-3960-40B0-8207-A3064BE15ED3}.Ad-Hoc|iPhoneSimulator.ActiveCfg = Release|Any CPU
		{44F4036B-3960-40B0-8207-A3064BE15ED3}.Ad-Hoc|iPhoneSimulator.Build.0 = Release|Any CPU
		{44F4036B-3960-40B0-8207-A3064BE15ED3}.Ad-Hoc|x64.ActiveCfg = Release|Any CPU
		{44F4036B-3960-40B0-8207-A3064BE15ED3}.Ad-Hoc|x64.Build.0 = Release|Any CPU
		{44F4036B-3960-40B0-8207-A3064BE15ED3}.Ad-Hoc|x86.ActiveCfg = Release|Any CPU
		{44F4036B-3960-40B0-8207-A3064BE15ED3}.Ad-Hoc|x86.Build.0 = Release|Any CPU
		{44F4036B-3960-40B0-8207-A3064BE15ED3}.AppStore|Any CPU.ActiveCfg = Release|Any CPU
		{44F4036B-3960-40B0-8207-A3064BE15ED3}.AppStore|Any CPU.Build.0 = Release|Any CPU
		{44F4036B-3960-40B0-8207-A3064BE15ED3}.AppStore|ARM.ActiveCfg = Release|Any CPU
		{44F4036B-3960-40B0-8207-A3064BE15ED3}.AppStore|ARM.Build.0 = Release|Any CPU
		{44F4036B-3960-40B0-8207-A3064BE15ED3}.AppStore|iPhone.ActiveCfg = Release|Any CPU
		{44F4036B-3960-40B0-8207-A3064BE15ED3}.AppStore|iPhone.Build.0 = Release|Any CPU
		{44F4036B-3960-40B0-8207-A3064BE15ED3}.AppStore|iPhoneSimulator.ActiveCfg = Release|Any CPU
		{44F4036B-3960-40B0-8207-A3064BE15ED3}.AppStore|iPhoneSimulator.Build.0 = Release|Any CPU
		{44F4036B-3960-40B0-8207-A3064BE15ED3}.AppStore|x64.ActiveCfg = Release|Any CPU
		{44F4036B-3960-40B0-8207-A3064BE15ED3}.AppStore|x64.Build.0 = Release|Any CPU
		{44F4036B-3960-40B0-8207-A3064BE15ED3}.AppStore|x86.ActiveCfg = Release|Any CPU
		{44F4036B-3960-40B0-8207-A3064BE15ED3}.AppStore|x86.Build.0 = Release|Any CPU
		{44F4036B-3960-40B0-8207-A3064BE15ED3}.Debug|Any CPU.ActiveCfg = Debug|Any CPU
		{44F4036B-3960-40B0-8207-A3064BE15ED3}.Debug|Any CPU.Build.0 = Debug|Any CPU
		{44F4036B-3960-40B0-8207-A3064BE15ED3}.Debug|ARM.ActiveCfg = Debug|Any CPU
		{44F4036B-3960-40B0-8207-A3064BE15ED3}.Debug|ARM.Build.0 = Debug|Any CPU
		{44F4036B-3960-40B0-8207-A3064BE15ED3}.Debug|iPhone.ActiveCfg = Debug|Any CPU
		{44F4036B-3960-40B0-8207-A3064BE15ED3}.Debug|iPhone.Build.0 = Debug|Any CPU
		{44F4036B-3960-40B0-8207-A3064BE15ED3}.Debug|iPhoneSimulator.ActiveCfg = Debug|Any CPU
		{44F4036B-3960-40B0-8207-A3064BE15ED3}.Debug|iPhoneSimulator.Build.0 = Debug|Any CPU
		{44F4036B-3960-40B0-8207-A3064BE15ED3}.Debug|x64.ActiveCfg = Debug|Any CPU
		{44F4036B-3960-40B0-8207-A3064BE15ED3}.Debug|x64.Build.0 = Debug|Any CPU
		{44F4036B-3960-40B0-8207-A3064BE15ED3}.Debug|x86.ActiveCfg = Debug|Any CPU
		{44F4036B-3960-40B0-8207-A3064BE15ED3}.Debug|x86.Build.0 = Debug|Any CPU
		{44F4036B-3960-40B0-8207-A3064BE15ED3}.Release|Any CPU.ActiveCfg = Release|Any CPU
		{44F4036B-3960-40B0-8207-A3064BE15ED3}.Release|Any CPU.Build.0 = Release|Any CPU
		{44F4036B-3960-40B0-8207-A3064BE15ED3}.Release|ARM.ActiveCfg = Release|Any CPU
		{44F4036B-3960-40B0-8207-A3064BE15ED3}.Release|ARM.Build.0 = Release|Any CPU
		{44F4036B-3960-40B0-8207-A3064BE15ED3}.Release|iPhone.ActiveCfg = Release|Any CPU
		{44F4036B-3960-40B0-8207-A3064BE15ED3}.Release|iPhone.Build.0 = Release|Any CPU
		{44F4036B-3960-40B0-8207-A3064BE15ED3}.Release|iPhoneSimulator.ActiveCfg = Release|Any CPU
		{44F4036B-3960-40B0-8207-A3064BE15ED3}.Release|iPhoneSimulator.Build.0 = Release|Any CPU
		{44F4036B-3960-40B0-8207-A3064BE15ED3}.Release|x64.ActiveCfg = Release|Any CPU
		{44F4036B-3960-40B0-8207-A3064BE15ED3}.Release|x64.Build.0 = Release|Any CPU
		{44F4036B-3960-40B0-8207-A3064BE15ED3}.Release|x86.ActiveCfg = Release|Any CPU
		{44F4036B-3960-40B0-8207-A3064BE15ED3}.Release|x86.Build.0 = Release|Any CPU
		{33E9800D-0EB4-48EA-8DE5-F49717D8F9C5}.Ad-Hoc|Any CPU.ActiveCfg = Release|x86
		{33E9800D-0EB4-48EA-8DE5-F49717D8F9C5}.Ad-Hoc|Any CPU.Build.0 = Release|x86
		{33E9800D-0EB4-48EA-8DE5-F49717D8F9C5}.Ad-Hoc|Any CPU.Deploy.0 = Release|x86
		{33E9800D-0EB4-48EA-8DE5-F49717D8F9C5}.Ad-Hoc|ARM.ActiveCfg = Release|ARM
		{33E9800D-0EB4-48EA-8DE5-F49717D8F9C5}.Ad-Hoc|ARM.Build.0 = Release|ARM
		{33E9800D-0EB4-48EA-8DE5-F49717D8F9C5}.Ad-Hoc|ARM.Deploy.0 = Release|ARM
		{33E9800D-0EB4-48EA-8DE5-F49717D8F9C5}.Ad-Hoc|iPhone.ActiveCfg = Release|x86
		{33E9800D-0EB4-48EA-8DE5-F49717D8F9C5}.Ad-Hoc|iPhone.Build.0 = Release|x86
		{33E9800D-0EB4-48EA-8DE5-F49717D8F9C5}.Ad-Hoc|iPhone.Deploy.0 = Release|x86
		{33E9800D-0EB4-48EA-8DE5-F49717D8F9C5}.Ad-Hoc|iPhoneSimulator.ActiveCfg = Release|x86
		{33E9800D-0EB4-48EA-8DE5-F49717D8F9C5}.Ad-Hoc|iPhoneSimulator.Build.0 = Release|x86
		{33E9800D-0EB4-48EA-8DE5-F49717D8F9C5}.Ad-Hoc|iPhoneSimulator.Deploy.0 = Release|x86
		{33E9800D-0EB4-48EA-8DE5-F49717D8F9C5}.Ad-Hoc|x64.ActiveCfg = Release|x64
		{33E9800D-0EB4-48EA-8DE5-F49717D8F9C5}.Ad-Hoc|x64.Build.0 = Release|x64
		{33E9800D-0EB4-48EA-8DE5-F49717D8F9C5}.Ad-Hoc|x64.Deploy.0 = Release|x64
		{33E9800D-0EB4-48EA-8DE5-F49717D8F9C5}.Ad-Hoc|x86.ActiveCfg = Release|x86
		{33E9800D-0EB4-48EA-8DE5-F49717D8F9C5}.Ad-Hoc|x86.Build.0 = Release|x86
		{33E9800D-0EB4-48EA-8DE5-F49717D8F9C5}.Ad-Hoc|x86.Deploy.0 = Release|x86
		{33E9800D-0EB4-48EA-8DE5-F49717D8F9C5}.AppStore|Any CPU.ActiveCfg = Release|x86
		{33E9800D-0EB4-48EA-8DE5-F49717D8F9C5}.AppStore|Any CPU.Build.0 = Release|x86
		{33E9800D-0EB4-48EA-8DE5-F49717D8F9C5}.AppStore|Any CPU.Deploy.0 = Release|x86
		{33E9800D-0EB4-48EA-8DE5-F49717D8F9C5}.AppStore|ARM.ActiveCfg = Release|ARM
		{33E9800D-0EB4-48EA-8DE5-F49717D8F9C5}.AppStore|ARM.Build.0 = Release|ARM
		{33E9800D-0EB4-48EA-8DE5-F49717D8F9C5}.AppStore|ARM.Deploy.0 = Release|ARM
		{33E9800D-0EB4-48EA-8DE5-F49717D8F9C5}.AppStore|iPhone.ActiveCfg = Release|x86
		{33E9800D-0EB4-48EA-8DE5-F49717D8F9C5}.AppStore|iPhone.Build.0 = Release|x86
		{33E9800D-0EB4-48EA-8DE5-F49717D8F9C5}.AppStore|iPhone.Deploy.0 = Release|x86
		{33E9800D-0EB4-48EA-8DE5-F49717D8F9C5}.AppStore|iPhoneSimulator.ActiveCfg = Release|x86
		{33E9800D-0EB4-48EA-8DE5-F49717D8F9C5}.AppStore|iPhoneSimulator.Build.0 = Release|x86
		{33E9800D-0EB4-48EA-8DE5-F49717D8F9C5}.AppStore|iPhoneSimulator.Deploy.0 = Release|x86
		{33E9800D-0EB4-48EA-8DE5-F49717D8F9C5}.AppStore|x64.ActiveCfg = Release|x64
		{33E9800D-0EB4-48EA-8DE5-F49717D8F9C5}.AppStore|x64.Build.0 = Release|x64
		{33E9800D-0EB4-48EA-8DE5-F49717D8F9C5}.AppStore|x64.Deploy.0 = Release|x64
		{33E9800D-0EB4-48EA-8DE5-F49717D8F9C5}.AppStore|x86.ActiveCfg = Release|x86
		{33E9800D-0EB4-48EA-8DE5-F49717D8F9C5}.AppStore|x86.Build.0 = Release|x86
		{33E9800D-0EB4-48EA-8DE5-F49717D8F9C5}.AppStore|x86.Deploy.0 = Release|x86
		{33E9800D-0EB4-48EA-8DE5-F49717D8F9C5}.Debug|Any CPU.ActiveCfg = Debug|x86
		{33E9800D-0EB4-48EA-8DE5-F49717D8F9C5}.Debug|ARM.ActiveCfg = Debug|ARM
		{33E9800D-0EB4-48EA-8DE5-F49717D8F9C5}.Debug|ARM.Build.0 = Debug|ARM
		{33E9800D-0EB4-48EA-8DE5-F49717D8F9C5}.Debug|ARM.Deploy.0 = Debug|ARM
		{33E9800D-0EB4-48EA-8DE5-F49717D8F9C5}.Debug|iPhone.ActiveCfg = Debug|x86
		{33E9800D-0EB4-48EA-8DE5-F49717D8F9C5}.Debug|iPhoneSimulator.ActiveCfg = Debug|x86
		{33E9800D-0EB4-48EA-8DE5-F49717D8F9C5}.Debug|x64.ActiveCfg = Debug|x64
		{33E9800D-0EB4-48EA-8DE5-F49717D8F9C5}.Debug|x64.Build.0 = Debug|x64
		{33E9800D-0EB4-48EA-8DE5-F49717D8F9C5}.Debug|x64.Deploy.0 = Debug|x64
		{33E9800D-0EB4-48EA-8DE5-F49717D8F9C5}.Debug|x86.ActiveCfg = Debug|x86
		{33E9800D-0EB4-48EA-8DE5-F49717D8F9C5}.Debug|x86.Build.0 = Debug|x86
		{33E9800D-0EB4-48EA-8DE5-F49717D8F9C5}.Debug|x86.Deploy.0 = Debug|x86
		{33E9800D-0EB4-48EA-8DE5-F49717D8F9C5}.Release|Any CPU.ActiveCfg = Release|x86
		{33E9800D-0EB4-48EA-8DE5-F49717D8F9C5}.Release|ARM.ActiveCfg = Release|ARM
		{33E9800D-0EB4-48EA-8DE5-F49717D8F9C5}.Release|ARM.Build.0 = Release|ARM
		{33E9800D-0EB4-48EA-8DE5-F49717D8F9C5}.Release|ARM.Deploy.0 = Release|ARM
		{33E9800D-0EB4-48EA-8DE5-F49717D8F9C5}.Release|iPhone.ActiveCfg = Release|x86
		{33E9800D-0EB4-48EA-8DE5-F49717D8F9C5}.Release|iPhoneSimulator.ActiveCfg = Release|x86
		{33E9800D-0EB4-48EA-8DE5-F49717D8F9C5}.Release|x64.ActiveCfg = Release|x64
		{33E9800D-0EB4-48EA-8DE5-F49717D8F9C5}.Release|x64.Build.0 = Release|x64
		{33E9800D-0EB4-48EA-8DE5-F49717D8F9C5}.Release|x64.Deploy.0 = Release|x64
		{33E9800D-0EB4-48EA-8DE5-F49717D8F9C5}.Release|x86.ActiveCfg = Release|x86
		{33E9800D-0EB4-48EA-8DE5-F49717D8F9C5}.Release|x86.Build.0 = Release|x86
		{33E9800D-0EB4-48EA-8DE5-F49717D8F9C5}.Release|x86.Deploy.0 = Release|x86
		{B2E17008-84FE-4F0E-9AF2-8F473379E26D}.Ad-Hoc|Any CPU.ActiveCfg = Ad-Hoc|iPhone
		{B2E17008-84FE-4F0E-9AF2-8F473379E26D}.Ad-Hoc|ARM.ActiveCfg = Ad-Hoc|iPhone
		{B2E17008-84FE-4F0E-9AF2-8F473379E26D}.Ad-Hoc|iPhone.ActiveCfg = Ad-Hoc|iPhone
		{B2E17008-84FE-4F0E-9AF2-8F473379E26D}.Ad-Hoc|iPhone.Build.0 = Ad-Hoc|iPhone
		{B2E17008-84FE-4F0E-9AF2-8F473379E26D}.Ad-Hoc|iPhoneSimulator.ActiveCfg = Ad-Hoc|iPhoneSimulator
		{B2E17008-84FE-4F0E-9AF2-8F473379E26D}.Ad-Hoc|iPhoneSimulator.Build.0 = Ad-Hoc|iPhoneSimulator
		{B2E17008-84FE-4F0E-9AF2-8F473379E26D}.Ad-Hoc|x64.ActiveCfg = Ad-Hoc|iPhone
		{B2E17008-84FE-4F0E-9AF2-8F473379E26D}.Ad-Hoc|x86.ActiveCfg = Ad-Hoc|iPhone
		{B2E17008-84FE-4F0E-9AF2-8F473379E26D}.AppStore|Any CPU.ActiveCfg = AppStore|iPhone
		{B2E17008-84FE-4F0E-9AF2-8F473379E26D}.AppStore|ARM.ActiveCfg = AppStore|iPhone
		{B2E17008-84FE-4F0E-9AF2-8F473379E26D}.AppStore|iPhone.ActiveCfg = AppStore|iPhone
		{B2E17008-84FE-4F0E-9AF2-8F473379E26D}.AppStore|iPhone.Build.0 = AppStore|iPhone
		{B2E17008-84FE-4F0E-9AF2-8F473379E26D}.AppStore|iPhoneSimulator.ActiveCfg = AppStore|iPhoneSimulator
		{B2E17008-84FE-4F0E-9AF2-8F473379E26D}.AppStore|iPhoneSimulator.Build.0 = AppStore|iPhoneSimulator
		{B2E17008-84FE-4F0E-9AF2-8F473379E26D}.AppStore|x64.ActiveCfg = AppStore|iPhone
		{B2E17008-84FE-4F0E-9AF2-8F473379E26D}.AppStore|x86.ActiveCfg = AppStore|iPhone
		{B2E17008-84FE-4F0E-9AF2-8F473379E26D}.Debug|Any CPU.ActiveCfg = Debug|iPhone
		{B2E17008-84FE-4F0E-9AF2-8F473379E26D}.Debug|ARM.ActiveCfg = Debug|iPhone
		{B2E17008-84FE-4F0E-9AF2-8F473379E26D}.Debug|iPhone.ActiveCfg = Debug|iPhone
		{B2E17008-84FE-4F0E-9AF2-8F473379E26D}.Debug|iPhone.Build.0 = Debug|iPhone
		{B2E17008-84FE-4F0E-9AF2-8F473379E26D}.Debug|iPhoneSimulator.ActiveCfg = Debug|iPhoneSimulator
		{B2E17008-84FE-4F0E-9AF2-8F473379E26D}.Debug|iPhoneSimulator.Build.0 = Debug|iPhoneSimulator
		{B2E17008-84FE-4F0E-9AF2-8F473379E26D}.Debug|x64.ActiveCfg = Debug|iPhone
		{B2E17008-84FE-4F0E-9AF2-8F473379E26D}.Debug|x86.ActiveCfg = Debug|iPhone
		{B2E17008-84FE-4F0E-9AF2-8F473379E26D}.Release|Any CPU.ActiveCfg = Release|iPhone
		{B2E17008-84FE-4F0E-9AF2-8F473379E26D}.Release|ARM.ActiveCfg = Release|iPhone
		{B2E17008-84FE-4F0E-9AF2-8F473379E26D}.Release|iPhone.ActiveCfg = Release|iPhone
		{B2E17008-84FE-4F0E-9AF2-8F473379E26D}.Release|iPhone.Build.0 = Release|iPhone
		{B2E17008-84FE-4F0E-9AF2-8F473379E26D}.Release|iPhoneSimulator.ActiveCfg = Release|iPhoneSimulator
		{B2E17008-84FE-4F0E-9AF2-8F473379E26D}.Release|iPhoneSimulator.Build.0 = Release|iPhoneSimulator
		{B2E17008-84FE-4F0E-9AF2-8F473379E26D}.Release|x64.ActiveCfg = Release|iPhone
		{B2E17008-84FE-4F0E-9AF2-8F473379E26D}.Release|x86.ActiveCfg = Release|iPhone
		{5A4851ED-B9A3-4FB0-9533-A6935086080E}.Ad-Hoc|Any CPU.ActiveCfg = Release|Any CPU
		{5A4851ED-B9A3-4FB0-9533-A6935086080E}.Ad-Hoc|Any CPU.Build.0 = Release|Any CPU
		{5A4851ED-B9A3-4FB0-9533-A6935086080E}.Ad-Hoc|ARM.ActiveCfg = Release|Any CPU
		{5A4851ED-B9A3-4FB0-9533-A6935086080E}.Ad-Hoc|ARM.Build.0 = Release|Any CPU
		{5A4851ED-B9A3-4FB0-9533-A6935086080E}.Ad-Hoc|iPhone.ActiveCfg = Release|Any CPU
		{5A4851ED-B9A3-4FB0-9533-A6935086080E}.Ad-Hoc|iPhone.Build.0 = Release|Any CPU
		{5A4851ED-B9A3-4FB0-9533-A6935086080E}.Ad-Hoc|iPhoneSimulator.ActiveCfg = Release|Any CPU
		{5A4851ED-B9A3-4FB0-9533-A6935086080E}.Ad-Hoc|iPhoneSimulator.Build.0 = Release|Any CPU
		{5A4851ED-B9A3-4FB0-9533-A6935086080E}.Ad-Hoc|x64.ActiveCfg = Release|Any CPU
		{5A4851ED-B9A3-4FB0-9533-A6935086080E}.Ad-Hoc|x64.Build.0 = Release|Any CPU
		{5A4851ED-B9A3-4FB0-9533-A6935086080E}.Ad-Hoc|x86.ActiveCfg = Release|Any CPU
		{5A4851ED-B9A3-4FB0-9533-A6935086080E}.Ad-Hoc|x86.Build.0 = Release|Any CPU
		{5A4851ED-B9A3-4FB0-9533-A6935086080E}.AppStore|Any CPU.ActiveCfg = Release|Any CPU
		{5A4851ED-B9A3-4FB0-9533-A6935086080E}.AppStore|Any CPU.Build.0 = Release|Any CPU
		{5A4851ED-B9A3-4FB0-9533-A6935086080E}.AppStore|ARM.ActiveCfg = Release|Any CPU
		{5A4851ED-B9A3-4FB0-9533-A6935086080E}.AppStore|ARM.Build.0 = Release|Any CPU
		{5A4851ED-B9A3-4FB0-9533-A6935086080E}.AppStore|iPhone.ActiveCfg = Release|Any CPU
		{5A4851ED-B9A3-4FB0-9533-A6935086080E}.AppStore|iPhone.Build.0 = Release|Any CPU
		{5A4851ED-B9A3-4FB0-9533-A6935086080E}.AppStore|iPhoneSimulator.ActiveCfg = Release|Any CPU
		{5A4851ED-B9A3-4FB0-9533-A6935086080E}.AppStore|iPhoneSimulator.Build.0 = Release|Any CPU
		{5A4851ED-B9A3-4FB0-9533-A6935086080E}.AppStore|x64.ActiveCfg = Release|Any CPU
		{5A4851ED-B9A3-4FB0-9533-A6935086080E}.AppStore|x64.Build.0 = Release|Any CPU
		{5A4851ED-B9A3-4FB0-9533-A6935086080E}.AppStore|x86.ActiveCfg = Release|Any CPU
		{5A4851ED-B9A3-4FB0-9533-A6935086080E}.AppStore|x86.Build.0 = Release|Any CPU
		{5A4851ED-B9A3-4FB0-9533-A6935086080E}.Debug|Any CPU.ActiveCfg = Debug|Any CPU
		{5A4851ED-B9A3-4FB0-9533-A6935086080E}.Debug|Any CPU.Build.0 = Debug|Any CPU
		{5A4851ED-B9A3-4FB0-9533-A6935086080E}.Debug|ARM.ActiveCfg = Debug|Any CPU
		{5A4851ED-B9A3-4FB0-9533-A6935086080E}.Debug|ARM.Build.0 = Debug|Any CPU
		{5A4851ED-B9A3-4FB0-9533-A6935086080E}.Debug|iPhone.ActiveCfg = Debug|Any CPU
		{5A4851ED-B9A3-4FB0-9533-A6935086080E}.Debug|iPhone.Build.0 = Debug|Any CPU
		{5A4851ED-B9A3-4FB0-9533-A6935086080E}.Debug|iPhoneSimulator.ActiveCfg = Debug|Any CPU
		{5A4851ED-B9A3-4FB0-9533-A6935086080E}.Debug|iPhoneSimulator.Build.0 = Debug|Any CPU
		{5A4851ED-B9A3-4FB0-9533-A6935086080E}.Debug|x64.ActiveCfg = Debug|Any CPU
		{5A4851ED-B9A3-4FB0-9533-A6935086080E}.Debug|x64.Build.0 = Debug|Any CPU
		{5A4851ED-B9A3-4FB0-9533-A6935086080E}.Debug|x86.ActiveCfg = Debug|Any CPU
		{5A4851ED-B9A3-4FB0-9533-A6935086080E}.Debug|x86.Build.0 = Debug|Any CPU
		{5A4851ED-B9A3-4FB0-9533-A6935086080E}.Release|Any CPU.ActiveCfg = Release|Any CPU
		{5A4851ED-B9A3-4FB0-9533-A6935086080E}.Release|Any CPU.Build.0 = Release|Any CPU
		{5A4851ED-B9A3-4FB0-9533-A6935086080E}.Release|ARM.ActiveCfg = Release|Any CPU
		{5A4851ED-B9A3-4FB0-9533-A6935086080E}.Release|ARM.Build.0 = Release|Any CPU
		{5A4851ED-B9A3-4FB0-9533-A6935086080E}.Release|iPhone.ActiveCfg = Release|Any CPU
		{5A4851ED-B9A3-4FB0-9533-A6935086080E}.Release|iPhone.Build.0 = Release|Any CPU
		{5A4851ED-B9A3-4FB0-9533-A6935086080E}.Release|iPhoneSimulator.ActiveCfg = Release|Any CPU
		{5A4851ED-B9A3-4FB0-9533-A6935086080E}.Release|iPhoneSimulator.Build.0 = Release|Any CPU
		{5A4851ED-B9A3-4FB0-9533-A6935086080E}.Release|x64.ActiveCfg = Release|Any CPU
		{5A4851ED-B9A3-4FB0-9533-A6935086080E}.Release|x64.Build.0 = Release|Any CPU
		{5A4851ED-B9A3-4FB0-9533-A6935086080E}.Release|x86.ActiveCfg = Release|Any CPU
		{5A4851ED-B9A3-4FB0-9533-A6935086080E}.Release|x86.Build.0 = Release|Any CPU
	EndGlobalSection
	GlobalSection(SolutionProperties) = preSolution
		HideSolutionNode = FALSE
	EndGlobalSection
EndGlobal
