
Microsoft Visual Studio Solution File, Format Version 12.00
# Visual Studio 15
VisualStudioVersion = 15.0.26430.6
MinimumVisualStudioVersion = 10.0.40219.1
Project("{FAE04EC0-301F-11D3-BF4B-00C04F79EFBC}") = "XApp6.Android", "XApp6\XApp6.Android\XApp6.Android.csproj", "{EB085E04-740D-4F12-9F79-17A2D7B9D87E}"
EndProject
Project("{FAE04EC0-301F-11D3-BF4B-00C04F79EFBC}") = "XApp6", "XApp6\XApp6\XApp6.csproj", "{790182D4-6900-4369-92D2-B5C2351A96AB}"
EndProject
Project("{FAE04EC0-301F-11D3-BF4B-00C04F79EFBC}") = "XApp6.UWP", "XApp6\XApp6.UWP\XApp6.UWP.csproj", "{B2572F9A-9826-4E15-BECE-BC8831353DA8}"
EndProject
Project("{FAE04EC0-301F-11D3-BF4B-00C04F79EFBC}") = "XApp6.iOS", "XApp6\XApp6.iOS\XApp6.iOS.csproj", "{24B40FCB-6115-40C7-A868-55EF3F725113}"
EndProject
Global
	GlobalSection(SolutionConfigurationPlatforms) = preSolution
		Ad-Hoc|Any CPU = Ad-Hoc|Any CPU
		Ad-Hoc|ARM = Ad-Hoc|ARM
		Ad-Hoc|iPhone = Ad-Hoc|iPhone
		Ad-Hoc|iPhoneSimulator = Ad-Hoc|iPhoneSimulator
		Ad-Hoc|x64 = Ad-Hoc|x64
		Ad-Hoc|x86 = Ad-Hoc|x86
		AppStore|Any CPU = AppStore|Any CPU
		AppStore|ARM = AppStore|ARM
		AppStore|iPhone = AppStore|iPhone
		AppStore|iPhoneSimulator = AppStore|iPhoneSimulator
		AppStore|x64 = AppStore|x64
		AppStore|x86 = AppStore|x86
		Debug|Any CPU = Debug|Any CPU
		Debug|ARM = Debug|ARM
		Debug|iPhone = Debug|iPhone
		Debug|iPhoneSimulator = Debug|iPhoneSimulator
		Debug|x64 = Debug|x64
		Debug|x86 = Debug|x86
		Release|Any CPU = Release|Any CPU
		Release|ARM = Release|ARM
		Release|iPhone = Release|iPhone
		Release|iPhoneSimulator = Release|iPhoneSimulator
		Release|x64 = Release|x64
		Release|x86 = Release|x86
	EndGlobalSection
	GlobalSection(ProjectConfigurationPlatforms) = postSolution
		{EB085E04-740D-4F12-9F79-17A2D7B9D87E}.Ad-Hoc|Any CPU.ActiveCfg = Release|Any CPU
		{EB085E04-740D-4F12-9F79-17A2D7B9D87E}.Ad-Hoc|Any CPU.Build.0 = Release|Any CPU
		{EB085E04-740D-4F12-9F79-17A2D7B9D87E}.Ad-Hoc|Any CPU.Deploy.0 = Release|Any CPU
		{EB085E04-740D-4F12-9F79-17A2D7B9D87E}.Ad-Hoc|ARM.ActiveCfg = Release|Any CPU
		{EB085E04-740D-4F12-9F79-17A2D7B9D87E}.Ad-Hoc|ARM.Build.0 = Release|Any CPU
		{EB085E04-740D-4F12-9F79-17A2D7B9D87E}.Ad-Hoc|ARM.Deploy.0 = Release|Any CPU
		{EB085E04-740D-4F12-9F79-17A2D7B9D87E}.Ad-Hoc|iPhone.ActiveCfg = Release|Any CPU
		{EB085E04-740D-4F12-9F79-17A2D7B9D87E}.Ad-Hoc|iPhone.Build.0 = Release|Any CPU
		{EB085E04-740D-4F12-9F79-17A2D7B9D87E}.Ad-Hoc|iPhone.Deploy.0 = Release|Any CPU
		{EB085E04-740D-4F12-9F79-17A2D7B9D87E}.Ad-Hoc|iPhoneSimulator.ActiveCfg = Release|Any CPU
		{EB085E04-740D-4F12-9F79-17A2D7B9D87E}.Ad-Hoc|iPhoneSimulator.Build.0 = Release|Any CPU
		{EB085E04-740D-4F12-9F79-17A2D7B9D87E}.Ad-Hoc|iPhoneSimulator.Deploy.0 = Release|Any CPU
		{EB085E04-740D-4F12-9F79-17A2D7B9D87E}.Ad-Hoc|x64.ActiveCfg = Release|Any CPU
		{EB085E04-740D-4F12-9F79-17A2D7B9D87E}.Ad-Hoc|x64.Build.0 = Release|Any CPU
		{EB085E04-740D-4F12-9F79-17A2D7B9D87E}.Ad-Hoc|x64.Deploy.0 = Release|Any CPU
		{EB085E04-740D-4F12-9F79-17A2D7B9D87E}.Ad-Hoc|x86.ActiveCfg = Release|Any CPU
		{EB085E04-740D-4F12-9F79-17A2D7B9D87E}.Ad-Hoc|x86.Build.0 = Release|Any CPU
		{EB085E04-740D-4F12-9F79-17A2D7B9D87E}.Ad-Hoc|x86.Deploy.0 = Release|Any CPU
		{EB085E04-740D-4F12-9F79-17A2D7B9D87E}.AppStore|Any CPU.ActiveCfg = Release|Any CPU
		{EB085E04-740D-4F12-9F79-17A2D7B9D87E}.AppStore|Any CPU.Build.0 = Release|Any CPU
		{EB085E04-740D-4F12-9F79-17A2D7B9D87E}.AppStore|Any CPU.Deploy.0 = Release|Any CPU
		{EB085E04-740D-4F12-9F79-17A2D7B9D87E}.AppStore|ARM.ActiveCfg = Release|Any CPU
		{EB085E04-740D-4F12-9F79-17A2D7B9D87E}.AppStore|ARM.Build.0 = Release|Any CPU
		{EB085E04-740D-4F12-9F79-17A2D7B9D87E}.AppStore|ARM.Deploy.0 = Release|Any CPU
		{EB085E04-740D-4F12-9F79-17A2D7B9D87E}.AppStore|iPhone.ActiveCfg = Release|Any CPU
		{EB085E04-740D-4F12-9F79-17A2D7B9D87E}.AppStore|iPhone.Build.0 = Release|Any CPU
		{EB085E04-740D-4F12-9F79-17A2D7B9D87E}.AppStore|iPhone.Deploy.0 = Release|Any CPU
		{EB085E04-740D-4F12-9F79-17A2D7B9D87E}.AppStore|iPhoneSimulator.ActiveCfg = Release|Any CPU
		{EB085E04-740D-4F12-9F79-17A2D7B9D87E}.AppStore|iPhoneSimulator.Build.0 = Release|Any CPU
		{EB085E04-740D-4F12-9F79-17A2D7B9D87E}.AppStore|iPhoneSimulator.Deploy.0 = Release|Any CPU
		{EB085E04-740D-4F12-9F79-17A2D7B9D87E}.AppStore|x64.ActiveCfg = Release|Any CPU
		{EB085E04-740D-4F12-9F79-17A2D7B9D87E}.AppStore|x64.Build.0 = Release|Any CPU
		{EB085E04-740D-4F12-9F79-17A2D7B9D87E}.AppStore|x64.Deploy.0 = Release|Any CPU
		{EB085E04-740D-4F12-9F79-17A2D7B9D87E}.AppStore|x86.ActiveCfg = Release|Any CPU
		{EB085E04-740D-4F12-9F79-17A2D7B9D87E}.AppStore|x86.Build.0 = Release|Any CPU
		{EB085E04-740D-4F12-9F79-17A2D7B9D87E}.AppStore|x86.Deploy.0 = Release|Any CPU
		{EB085E04-740D-4F12-9F79-17A2D7B9D87E}.Debug|Any CPU.ActiveCfg = Debug|Any CPU
		{EB085E04-740D-4F12-9F79-17A2D7B9D87E}.Debug|Any CPU.Build.0 = Debug|Any CPU
		{EB085E04-740D-4F12-9F79-17A2D7B9D87E}.Debug|Any CPU.Deploy.0 = Debug|Any CPU
		{EB085E04-740D-4F12-9F79-17A2D7B9D87E}.Debug|ARM.ActiveCfg = Debug|Any CPU
		{EB085E04-740D-4F12-9F79-17A2D7B9D87E}.Debug|ARM.Build.0 = Debug|Any CPU
		{EB085E04-740D-4F12-9F79-17A2D7B9D87E}.Debug|ARM.Deploy.0 = Debug|Any CPU
		{EB085E04-740D-4F12-9F79-17A2D7B9D87E}.Debug|iPhone.ActiveCfg = Debug|Any CPU
		{EB085E04-740D-4F12-9F79-17A2D7B9D87E}.Debug|iPhone.Build.0 = Debug|Any CPU
		{EB085E04-740D-4F12-9F79-17A2D7B9D87E}.Debug|iPhone.Deploy.0 = Debug|Any CPU
		{EB085E04-740D-4F12-9F79-17A2D7B9D87E}.Debug|iPhoneSimulator.ActiveCfg = Debug|Any CPU
		{EB085E04-740D-4F12-9F79-17A2D7B9D87E}.Debug|iPhoneSimulator.Build.0 = Debug|Any CPU
		{EB085E04-740D-4F12-9F79-17A2D7B9D87E}.Debug|iPhoneSimulator.Deploy.0 = Debug|Any CPU
		{EB085E04-740D-4F12-9F79-17A2D7B9D87E}.Debug|x64.ActiveCfg = Debug|Any CPU
		{EB085E04-740D-4F12-9F79-17A2D7B9D87E}.Debug|x64.Build.0 = Debug|Any CPU
		{EB085E04-740D-4F12-9F79-17A2D7B9D87E}.Debug|x64.Deploy.0 = Debug|Any CPU
		{EB085E04-740D-4F12-9F79-17A2D7B9D87E}.Debug|x86.ActiveCfg = Debug|Any CPU
		{EB085E04-740D-4F12-9F79-17A2D7B9D87E}.Debug|x86.Build.0 = Debug|Any CPU
		{EB085E04-740D-4F12-9F79-17A2D7B9D87E}.Debug|x86.Deploy.0 = Debug|Any CPU
		{EB085E04-740D-4F12-9F79-17A2D7B9D87E}.Release|Any CPU.ActiveCfg = Release|Any CPU
		{EB085E04-740D-4F12-9F79-17A2D7B9D87E}.Release|Any CPU.Build.0 = Release|Any CPU
		{EB085E04-740D-4F12-9F79-17A2D7B9D87E}.Release|Any CPU.Deploy.0 = Release|Any CPU
		{EB085E04-740D-4F12-9F79-17A2D7B9D87E}.Release|ARM.ActiveCfg = Release|Any CPU
		{EB085E04-740D-4F12-9F79-17A2D7B9D87E}.Release|ARM.Build.0 = Release|Any CPU
		{EB085E04-740D-4F12-9F79-17A2D7B9D87E}.Release|ARM.Deploy.0 = Release|Any CPU
		{EB085E04-740D-4F12-9F79-17A2D7B9D87E}.Release|iPhone.ActiveCfg = Release|Any CPU
		{EB085E04-740D-4F12-9F79-17A2D7B9D87E}.Release|iPhone.Build.0 = Release|Any CPU
		{EB085E04-740D-4F12-9F79-17A2D7B9D87E}.Release|iPhone.Deploy.0 = Release|Any CPU
		{EB085E04-740D-4F12-9F79-17A2D7B9D87E}.Release|iPhoneSimulator.ActiveCfg = Release|Any CPU
		{EB085E04-740D-4F12-9F79-17A2D7B9D87E}.Release|iPhoneSimulator.Build.0 = Release|Any CPU
		{EB085E04-740D-4F12-9F79-17A2D7B9D87E}.Release|iPhoneSimulator.Deploy.0 = Release|Any CPU
		{EB085E04-740D-4F12-9F79-17A2D7B9D87E}.Release|x64.ActiveCfg = Release|Any CPU
		{EB085E04-740D-4F12-9F79-17A2D7B9D87E}.Release|x64.Build.0 = Release|Any CPU
		{EB085E04-740D-4F12-9F79-17A2D7B9D87E}.Release|x64.Deploy.0 = Release|Any CPU
		{EB085E04-740D-4F12-9F79-17A2D7B9D87E}.Release|x86.ActiveCfg = Release|Any CPU
		{EB085E04-740D-4F12-9F79-17A2D7B9D87E}.Release|x86.Build.0 = Release|Any CPU
		{EB085E04-740D-4F12-9F79-17A2D7B9D87E}.Release|x86.Deploy.0 = Release|Any CPU
		{790182D4-6900-4369-92D2-B5C2351A96AB}.Ad-Hoc|Any CPU.ActiveCfg = Release|Any CPU
		{790182D4-6900-4369-92D2-B5C2351A96AB}.Ad-Hoc|Any CPU.Build.0 = Release|Any CPU
		{790182D4-6900-4369-92D2-B5C2351A96AB}.Ad-Hoc|ARM.ActiveCfg = Release|Any CPU
		{790182D4-6900-4369-92D2-B5C2351A96AB}.Ad-Hoc|ARM.Build.0 = Release|Any CPU
		{790182D4-6900-4369-92D2-B5C2351A96AB}.Ad-Hoc|iPhone.ActiveCfg = Release|Any CPU
		{790182D4-6900-4369-92D2-B5C2351A96AB}.Ad-Hoc|iPhone.Build.0 = Release|Any CPU
		{790182D4-6900-4369-92D2-B5C2351A96AB}.Ad-Hoc|iPhoneSimulator.ActiveCfg = Release|Any CPU
		{790182D4-6900-4369-92D2-B5C2351A96AB}.Ad-Hoc|iPhoneSimulator.Build.0 = Release|Any CPU
		{790182D4-6900-4369-92D2-B5C2351A96AB}.Ad-Hoc|x64.ActiveCfg = Release|Any CPU
		{790182D4-6900-4369-92D2-B5C2351A96AB}.Ad-Hoc|x64.Build.0 = Release|Any CPU
		{790182D4-6900-4369-92D2-B5C2351A96AB}.Ad-Hoc|x86.ActiveCfg = Release|Any CPU
		{790182D4-6900-4369-92D2-B5C2351A96AB}.Ad-Hoc|x86.Build.0 = Release|Any CPU
		{790182D4-6900-4369-92D2-B5C2351A96AB}.AppStore|Any CPU.ActiveCfg = Release|Any CPU
		{790182D4-6900-4369-92D2-B5C2351A96AB}.AppStore|Any CPU.Build.0 = Release|Any CPU
		{790182D4-6900-4369-92D2-B5C2351A96AB}.AppStore|ARM.ActiveCfg = Release|Any CPU
		{790182D4-6900-4369-92D2-B5C2351A96AB}.AppStore|ARM.Build.0 = Release|Any CPU
		{790182D4-6900-4369-92D2-B5C2351A96AB}.AppStore|iPhone.ActiveCfg = Release|Any CPU
		{790182D4-6900-4369-92D2-B5C2351A96AB}.AppStore|iPhone.Build.0 = Release|Any CPU
		{790182D4-6900-4369-92D2-B5C2351A96AB}.AppStore|iPhoneSimulator.ActiveCfg = Release|Any CPU
		{790182D4-6900-4369-92D2-B5C2351A96AB}.AppStore|iPhoneSimulator.Build.0 = Release|Any CPU
		{790182D4-6900-4369-92D2-B5C2351A96AB}.AppStore|x64.ActiveCfg = Release|Any CPU
		{790182D4-6900-4369-92D2-B5C2351A96AB}.AppStore|x64.Build.0 = Release|Any CPU
		{790182D4-6900-4369-92D2-B5C2351A96AB}.AppStore|x86.ActiveCfg = Release|Any CPU
		{790182D4-6900-4369-92D2-B5C2351A96AB}.AppStore|x86.Build.0 = Release|Any CPU
		{790182D4-6900-4369-92D2-B5C2351A96AB}.Debug|Any CPU.ActiveCfg = Debug|Any CPU
		{790182D4-6900-4369-92D2-B5C2351A96AB}.Debug|Any CPU.Build.0 = Debug|Any CPU
		{790182D4-6900-4369-92D2-B5C2351A96AB}.Debug|ARM.ActiveCfg = Debug|Any CPU
		{790182D4-6900-4369-92D2-B5C2351A96AB}.Debug|ARM.Build.0 = Debug|Any CPU
		{790182D4-6900-4369-92D2-B5C2351A96AB}.Debug|iPhone.ActiveCfg = Debug|Any CPU
		{790182D4-6900-4369-92D2-B5C2351A96AB}.Debug|iPhone.Build.0 = Debug|Any CPU
		{790182D4-6900-4369-92D2-B5C2351A96AB}.Debug|iPhoneSimulator.ActiveCfg = Debug|Any CPU
		{790182D4-6900-4369-92D2-B5C2351A96AB}.Debug|iPhoneSimulator.Build.0 = Debug|Any CPU
		{790182D4-6900-4369-92D2-B5C2351A96AB}.Debug|x64.ActiveCfg = Debug|Any CPU
		{790182D4-6900-4369-92D2-B5C2351A96AB}.Debug|x64.Build.0 = Debug|Any CPU
		{790182D4-6900-4369-92D2-B5C2351A96AB}.Debug|x86.ActiveCfg = Debug|Any CPU
		{790182D4-6900-4369-92D2-B5C2351A96AB}.Debug|x86.Build.0 = Debug|Any CPU
		{790182D4-6900-4369-92D2-B5C2351A96AB}.Release|Any CPU.ActiveCfg = Release|Any CPU
		{790182D4-6900-4369-92D2-B5C2351A96AB}.Release|Any CPU.Build.0 = Release|Any CPU
		{790182D4-6900-4369-92D2-B5C2351A96AB}.Release|ARM.ActiveCfg = Release|Any CPU
		{790182D4-6900-4369-92D2-B5C2351A96AB}.Release|ARM.Build.0 = Release|Any CPU
		{790182D4-6900-4369-92D2-B5C2351A96AB}.Release|iPhone.ActiveCfg = Release|Any CPU
		{790182D4-6900-4369-92D2-B5C2351A96AB}.Release|iPhone.Build.0 = Release|Any CPU
		{790182D4-6900-4369-92D2-B5C2351A96AB}.Release|iPhoneSimulator.ActiveCfg = Release|Any CPU
		{790182D4-6900-4369-92D2-B5C2351A96AB}.Release|iPhoneSimulator.Build.0 = Release|Any CPU
		{790182D4-6900-4369-92D2-B5C2351A96AB}.Release|x64.ActiveCfg = Release|Any CPU
		{790182D4-6900-4369-92D2-B5C2351A96AB}.Release|x64.Build.0 = Release|Any CPU
		{790182D4-6900-4369-92D2-B5C2351A96AB}.Release|x86.ActiveCfg = Release|Any CPU
		{790182D4-6900-4369-92D2-B5C2351A96AB}.Release|x86.Build.0 = Release|Any CPU
		{B2572F9A-9826-4E15-BECE-BC8831353DA8}.Ad-Hoc|Any CPU.ActiveCfg = Release|x86
		{B2572F9A-9826-4E15-BECE-BC8831353DA8}.Ad-Hoc|Any CPU.Build.0 = Release|x86
		{B2572F9A-9826-4E15-BECE-BC8831353DA8}.Ad-Hoc|Any CPU.Deploy.0 = Release|x86
		{B2572F9A-9826-4E15-BECE-BC8831353DA8}.Ad-Hoc|ARM.ActiveCfg = Release|ARM
		{B2572F9A-9826-4E15-BECE-BC8831353DA8}.Ad-Hoc|ARM.Build.0 = Release|ARM
		{B2572F9A-9826-4E15-BECE-BC8831353DA8}.Ad-Hoc|ARM.Deploy.0 = Release|ARM
		{B2572F9A-9826-4E15-BECE-BC8831353DA8}.Ad-Hoc|iPhone.ActiveCfg = Release|x86
		{B2572F9A-9826-4E15-BECE-BC8831353DA8}.Ad-Hoc|iPhone.Build.0 = Release|x86
		{B2572F9A-9826-4E15-BECE-BC8831353DA8}.Ad-Hoc|iPhone.Deploy.0 = Release|x86
		{B2572F9A-9826-4E15-BECE-BC8831353DA8}.Ad-Hoc|iPhoneSimulator.ActiveCfg = Release|x86
		{B2572F9A-9826-4E15-BECE-BC8831353DA8}.Ad-Hoc|iPhoneSimulator.Build.0 = Release|x86
		{B2572F9A-9826-4E15-BECE-BC8831353DA8}.Ad-Hoc|iPhoneSimulator.Deploy.0 = Release|x86
		{B2572F9A-9826-4E15-BECE-BC8831353DA8}.Ad-Hoc|x64.ActiveCfg = Release|x64
		{B2572F9A-9826-4E15-BECE-BC8831353DA8}.Ad-Hoc|x64.Build.0 = Release|x64
		{B2572F9A-9826-4E15-BECE-BC8831353DA8}.Ad-Hoc|x64.Deploy.0 = Release|x64
		{B2572F9A-9826-4E15-BECE-BC8831353DA8}.Ad-Hoc|x86.ActiveCfg = Release|x86
		{B2572F9A-9826-4E15-BECE-BC8831353DA8}.Ad-Hoc|x86.Build.0 = Release|x86
		{B2572F9A-9826-4E15-BECE-BC8831353DA8}.Ad-Hoc|x86.Deploy.0 = Release|x86
		{B2572F9A-9826-4E15-BECE-BC8831353DA8}.AppStore|Any CPU.ActiveCfg = Release|x86
		{B2572F9A-9826-4E15-BECE-BC8831353DA8}.AppStore|Any CPU.Build.0 = Release|x86
		{B2572F9A-9826-4E15-BECE-BC8831353DA8}.AppStore|Any CPU.Deploy.0 = Release|x86
		{B2572F9A-9826-4E15-BECE-BC8831353DA8}.AppStore|ARM.ActiveCfg = Release|ARM
		{B2572F9A-9826-4E15-BECE-BC8831353DA8}.AppStore|ARM.Build.0 = Release|ARM
		{B2572F9A-9826-4E15-BECE-BC8831353DA8}.AppStore|ARM.Deploy.0 = Release|ARM
		{B2572F9A-9826-4E15-BECE-BC8831353DA8}.AppStore|iPhone.ActiveCfg = Release|x86
		{B2572F9A-9826-4E15-BECE-BC8831353DA8}.AppStore|iPhone.Build.0 = Release|x86
		{B2572F9A-9826-4E15-BECE-BC8831353DA8}.AppStore|iPhone.Deploy.0 = Release|x86
		{B2572F9A-9826-4E15-BECE-BC8831353DA8}.AppStore|iPhoneSimulator.ActiveCfg = Release|x86
		{B2572F9A-9826-4E15-BECE-BC8831353DA8}.AppStore|iPhoneSimulator.Build.0 = Release|x86
		{B2572F9A-9826-4E15-BECE-BC8831353DA8}.AppStore|iPhoneSimulator.Deploy.0 = Release|x86
		{B2572F9A-9826-4E15-BECE-BC8831353DA8}.AppStore|x64.ActiveCfg = Release|x64
		{B2572F9A-9826-4E15-BECE-BC8831353DA8}.AppStore|x64.Build.0 = Release|x64
		{B2572F9A-9826-4E15-BECE-BC8831353DA8}.AppStore|x64.Deploy.0 = Release|x64
		{B2572F9A-9826-4E15-BECE-BC8831353DA8}.AppStore|x86.ActiveCfg = Release|x86
		{B2572F9A-9826-4E15-BECE-BC8831353DA8}.AppStore|x86.Build.0 = Release|x86
		{B2572F9A-9826-4E15-BECE-BC8831353DA8}.AppStore|x86.Deploy.0 = Release|x86
		{B2572F9A-9826-4E15-BECE-BC8831353DA8}.Debug|Any CPU.ActiveCfg = Debug|x86
		{B2572F9A-9826-4E15-BECE-BC8831353DA8}.Debug|Any CPU.Build.0 = Debug|x86
		{B2572F9A-9826-4E15-BECE-BC8831353DA8}.Debug|Any CPU.Deploy.0 = Debug|x86
		{B2572F9A-9826-4E15-BECE-BC8831353DA8}.Debug|ARM.ActiveCfg = Debug|ARM
		{B2572F9A-9826-4E15-BECE-BC8831353DA8}.Debug|ARM.Build.0 = Debug|ARM
		{B2572F9A-9826-4E15-BECE-BC8831353DA8}.Debug|ARM.Deploy.0 = Debug|ARM
		{B2572F9A-9826-4E15-BECE-BC8831353DA8}.Debug|iPhone.ActiveCfg = Debug|x86
		{B2572F9A-9826-4E15-BECE-BC8831353DA8}.Debug|iPhone.Build.0 = Debug|x86
		{B2572F9A-9826-4E15-BECE-BC8831353DA8}.Debug|iPhone.Deploy.0 = Debug|x86
		{B2572F9A-9826-4E15-BECE-BC8831353DA8}.Debug|iPhoneSimulator.ActiveCfg = Debug|x86
		{B2572F9A-9826-4E15-BECE-BC8831353DA8}.Debug|x64.ActiveCfg = Debug|x64
		{B2572F9A-9826-4E15-BECE-BC8831353DA8}.Debug|x64.Build.0 = Debug|x64
		{B2572F9A-9826-4E15-BECE-BC8831353DA8}.Debug|x64.Deploy.0 = Debug|x64
		{B2572F9A-9826-4E15-BECE-BC8831353DA8}.Debug|x86.ActiveCfg = Debug|x86
		{B2572F9A-9826-4E15-BECE-BC8831353DA8}.Debug|x86.Build.0 = Debug|x86
		{B2572F9A-9826-4E15-BECE-BC8831353DA8}.Debug|x86.Deploy.0 = Debug|x86
		{B2572F9A-9826-4E15-BECE-BC8831353DA8}.Release|Any CPU.ActiveCfg = Release|x86
		{B2572F9A-9826-4E15-BECE-BC8831353DA8}.Release|ARM.ActiveCfg = Release|ARM
		{B2572F9A-9826-4E15-BECE-BC8831353DA8}.Release|ARM.Build.0 = Release|ARM
		{B2572F9A-9826-4E15-BECE-BC8831353DA8}.Release|ARM.Deploy.0 = Release|ARM
		{B2572F9A-9826-4E15-BECE-BC8831353DA8}.Release|iPhone.ActiveCfg = Release|x86
		{B2572F9A-9826-4E15-BECE-BC8831353DA8}.Release|iPhoneSimulator.ActiveCfg = Release|x86
		{B2572F9A-9826-4E15-BECE-BC8831353DA8}.Release|x64.ActiveCfg = Release|x64
		{B2572F9A-9826-4E15-BECE-BC8831353DA8}.Release|x64.Build.0 = Release|x64
		{B2572F9A-9826-4E15-BECE-BC8831353DA8}.Release|x64.Deploy.0 = Release|x64
		{B2572F9A-9826-4E15-BECE-BC8831353DA8}.Release|x86.ActiveCfg = Release|x86
		{B2572F9A-9826-4E15-BECE-BC8831353DA8}.Release|x86.Build.0 = Release|x86
		{B2572F9A-9826-4E15-BECE-BC8831353DA8}.Release|x86.Deploy.0 = Release|x86
		{24B40FCB-6115-40C7-A868-55EF3F725113}.Ad-Hoc|Any CPU.ActiveCfg = Ad-Hoc|iPhone
		{24B40FCB-6115-40C7-A868-55EF3F725113}.Ad-Hoc|ARM.ActiveCfg = Ad-Hoc|iPhone
		{24B40FCB-6115-40C7-A868-55EF3F725113}.Ad-Hoc|iPhone.ActiveCfg = Ad-Hoc|iPhone
		{24B40FCB-6115-40C7-A868-55EF3F725113}.Ad-Hoc|iPhone.Build.0 = Ad-Hoc|iPhone
		{24B40FCB-6115-40C7-A868-55EF3F725113}.Ad-Hoc|iPhoneSimulator.ActiveCfg = Ad-Hoc|iPhoneSimulator
		{24B40FCB-6115-40C7-A868-55EF3F725113}.Ad-Hoc|iPhoneSimulator.Build.0 = Ad-Hoc|iPhoneSimulator
		{24B40FCB-6115-40C7-A868-55EF3F725113}.Ad-Hoc|x64.ActiveCfg = Ad-Hoc|iPhone
		{24B40FCB-6115-40C7-A868-55EF3F725113}.Ad-Hoc|x86.ActiveCfg = Ad-Hoc|iPhone
		{24B40FCB-6115-40C7-A868-55EF3F725113}.AppStore|Any CPU.ActiveCfg = AppStore|iPhone
		{24B40FCB-6115-40C7-A868-55EF3F725113}.AppStore|ARM.ActiveCfg = AppStore|iPhone
		{24B40FCB-6115-40C7-A868-55EF3F725113}.AppStore|iPhone.ActiveCfg = AppStore|iPhone
		{24B40FCB-6115-40C7-A868-55EF3F725113}.AppStore|iPhone.Build.0 = AppStore|iPhone
		{24B40FCB-6115-40C7-A868-55EF3F725113}.AppStore|iPhoneSimulator.ActiveCfg = AppStore|iPhoneSimulator
		{24B40FCB-6115-40C7-A868-55EF3F725113}.AppStore|iPhoneSimulator.Build.0 = AppStore|iPhoneSimulator
		{24B40FCB-6115-40C7-A868-55EF3F725113}.AppStore|x64.ActiveCfg = AppStore|iPhone
		{24B40FCB-6115-40C7-A868-55EF3F725113}.AppStore|x86.ActiveCfg = AppStore|iPhone
		{24B40FCB-6115-40C7-A868-55EF3F725113}.Debug|Any CPU.ActiveCfg = Debug|iPhone
		{24B40FCB-6115-40C7-A868-55EF3F725113}.Debug|ARM.ActiveCfg = Debug|iPhone
		{24B40FCB-6115-40C7-A868-55EF3F725113}.Debug|iPhone.ActiveCfg = Debug|iPhone
		{24B40FCB-6115-40C7-A868-55EF3F725113}.Debug|iPhone.Build.0 = Debug|iPhone
		{24B40FCB-6115-40C7-A868-55EF3F725113}.Debug|iPhoneSimulator.ActiveCfg = Debug|iPhoneSimulator
		{24B40FCB-6115-40C7-A868-55EF3F725113}.Debug|iPhoneSimulator.Build.0 = Debug|iPhoneSimulator
		{24B40FCB-6115-40C7-A868-55EF3F725113}.Debug|x64.ActiveCfg = Debug|iPhone
		{24B40FCB-6115-40C7-A868-55EF3F725113}.Debug|x86.ActiveCfg = Debug|iPhone
		{24B40FCB-6115-40C7-A868-55EF3F725113}.Release|Any CPU.ActiveCfg = Release|iPhone
		{24B40FCB-6115-40C7-A868-55EF3F725113}.Release|ARM.ActiveCfg = Release|iPhone
		{24B40FCB-6115-40C7-A868-55EF3F725113}.Release|iPhone.ActiveCfg = Release|iPhone
		{24B40FCB-6115-40C7-A868-55EF3F725113}.Release|iPhone.Build.0 = Release|iPhone
		{24B40FCB-6115-40C7-A868-55EF3F725113}.Release|iPhoneSimulator.ActiveCfg = Release|iPhoneSimulator
		{24B40FCB-6115-40C7-A868-55EF3F725113}.Release|iPhoneSimulator.Build.0 = Release|iPhoneSimulator
		{24B40FCB-6115-40C7-A868-55EF3F725113}.Release|x64.ActiveCfg = Release|iPhone
		{24B40FCB-6115-40C7-A868-55EF3F725113}.Release|x86.ActiveCfg = Release|iPhone
	EndGlobalSection
	GlobalSection(SolutionProperties) = preSolution
		HideSolutionNode = FALSE
	EndGlobalSection
EndGlobal
