
Microsoft Visual Studio Solution File, Format Version 12.00
# Visual Studio 2012
Project("{FAE04EC0-301F-11D3-BF4B-00C04F79EFBC}") = "MDP", "MDP\MDP.csproj", "{7EFA9F91-2BBD-4E52-806B-1901AAF702DA}"
EndProject
Project("{FAE04EC0-301F-11D3-BF4B-00C04F79EFBC}") = "MDP.iOS", "iOS\MDP.iOS.csproj", "{FCA910CE-CCC3-4744-B17E-03A8E0A35ACF}"
EndProject
Project("{FAE04EC0-301F-11D3-BF4B-00C04F79EFBC}") = "MDP.Droid", "Droid\MDP.Droid.csproj", "{BB20D04C-4469-4CC9-ADBE-8EAC1431A860}"
EndProject
Global
	GlobalSection(SolutionConfigurationPlatforms) = preSolution
		Debug|Any CPU = Debug|Any CPU
		Release|Any CPU = Release|Any CPU
		Debug|iPhoneSimulator = Debug|iPhoneSimulator
		Release|iPhone = Release|iPhone
		Release|iPhoneSimulator = Release|iPhoneSimulator
		Debug|iPhone = Debug|iPhone
	EndGlobalSection
	GlobalSection(ProjectConfigurationPlatforms) = postSolution
		{7EFA9F91-2BBD-4E52-806B-1901AAF702DA}.Debug|Any CPU.ActiveCfg = Debug|Any CPU
		{7EFA9F91-2BBD-4E52-806B-1901AAF702DA}.Debug|Any CPU.Build.0 = Debug|Any CPU
		{7EFA9F91-2BBD-4E52-806B-1901AAF702DA}.Release|Any CPU.ActiveCfg = Release|Any CPU
		{7EFA9F91-2BBD-4E52-806B-1901AAF702DA}.Release|Any CPU.Build.0 = Release|Any CPU
		{7EFA9F91-2BBD-4E52-806B-1901AAF702DA}.Debug|iPhoneSimulator.ActiveCfg = Debug|Any CPU
		{7EFA9F91-2BBD-4E52-806B-1901AAF702DA}.Debug|iPhoneSimulator.Build.0 = Debug|Any CPU
		{7EFA9F91-2BBD-4E52-806B-1901AAF702DA}.Release|iPhone.ActiveCfg = Release|Any CPU
		{7EFA9F91-2BBD-4E52-806B-1901AAF702DA}.Release|iPhone.Build.0 = Release|Any CPU
		{7EFA9F91-2BBD-4E52-806B-1901AAF702DA}.Release|iPhoneSimulator.ActiveCfg = Release|Any CPU
		{7EFA9F91-2BBD-4E52-806B-1901AAF702DA}.Release|iPhoneSimulator.Build.0 = Release|Any CPU
		{7EFA9F91-2BBD-4E52-806B-1901AAF702DA}.Debug|iPhone.ActiveCfg = Debug|Any CPU
		{7EFA9F91-2BBD-4E52-806B-1901AAF702DA}.Debug|iPhone.Build.0 = Debug|Any CPU
		{FCA910CE-CCC3-4744-B17E-03A8E0A35ACF}.Debug|Any CPU.ActiveCfg = Debug|iPhoneSimulator
		{FCA910CE-CCC3-4744-B17E-03A8E0A35ACF}.Debug|Any CPU.Build.0 = Debug|iPhoneSimulator
		{FCA910CE-CCC3-4744-B17E-03A8E0A35ACF}.Release|Any CPU.ActiveCfg = Release|iPhone
		{FCA910CE-CCC3-4744-B17E-03A8E0A35ACF}.Release|Any CPU.Build.0 = Release|iPhone
		{FCA910CE-CCC3-4744-B17E-03A8E0A35ACF}.Debug|iPhoneSimulator.ActiveCfg = Debug|iPhoneSimulator
		{FCA910CE-CCC3-4744-B17E-03A8E0A35ACF}.Debug|iPhoneSimulator.Build.0 = Debug|iPhoneSimulator
		{FCA910CE-CCC3-4744-B17E-03A8E0A35ACF}.Release|iPhone.ActiveCfg = Release|iPhone
		{FCA910CE-CCC3-4744-B17E-03A8E0A35ACF}.Release|iPhone.Build.0 = Release|iPhone
		{FCA910CE-CCC3-4744-B17E-03A8E0A35ACF}.Release|iPhoneSimulator.ActiveCfg = Release|iPhoneSimulator
		{FCA910CE-CCC3-4744-B17E-03A8E0A35ACF}.Release|iPhoneSimulator.Build.0 = Release|iPhoneSimulator
		{FCA910CE-CCC3-4744-B17E-03A8E0A35ACF}.Debug|iPhone.ActiveCfg = Debug|iPhone
		{FCA910CE-CCC3-4744-B17E-03A8E0A35ACF}.Debug|iPhone.Build.0 = Debug|iPhone
		{BB20D04C-4469-4CC9-ADBE-8EAC1431A860}.Debug|Any CPU.ActiveCfg = Debug|Any CPU
		{BB20D04C-4469-4CC9-ADBE-8EAC1431A860}.Debug|Any CPU.Build.0 = Debug|Any CPU
		{BB20D04C-4469-4CC9-ADBE-8EAC1431A860}.Release|Any CPU.ActiveCfg = Release|Any CPU
		{BB20D04C-4469-4CC9-ADBE-8EAC1431A860}.Release|Any CPU.Build.0 = Release|Any CPU
		{BB20D04C-4469-4CC9-ADBE-8EAC1431A860}.Debug|iPhoneSimulator.ActiveCfg = Debug|Any CPU
		{BB20D04C-4469-4CC9-ADBE-8EAC1431A860}.Debug|iPhoneSimulator.Build.0 = Debug|Any CPU
		{BB20D04C-4469-4CC9-ADBE-8EAC1431A860}.Release|iPhone.ActiveCfg = Release|Any CPU
		{BB20D04C-4469-4CC9-ADBE-8EAC1431A860}.Release|iPhone.Build.0 = Release|Any CPU
		{BB20D04C-4469-4CC9-ADBE-8EAC1431A860}.Release|iPhoneSimulator.ActiveCfg = Release|Any CPU
		{BB20D04C-4469-4CC9-ADBE-8EAC1431A860}.Release|iPhoneSimulator.Build.0 = Release|Any CPU
		{BB20D04C-4469-4CC9-ADBE-8EAC1431A860}.Debug|iPhone.ActiveCfg = Debug|Any CPU
		{BB20D04C-4469-4CC9-ADBE-8EAC1431A860}.Debug|iPhone.Build.0 = Debug|Any CPU
	EndGlobalSection
EndGlobal
